// !$*UTF8*$!
{
	archiveVersion = 1;
	classes = {
	};
	objectVersion = 55;
	objects = {

/* Begin PBXBuildFile section */
		0D756EB25E74CD8EDFE3A915 /* Pods_aeVeganDiary.framework in Frameworks */ = {isa = PBXBuildFile; fileRef = 5B2617724301A8FD6552BEAD /* Pods_aeVeganDiary.framework */; };
		8F086E8428BCA05A0083958B /* SearchBookmarkDataManager.swift in Sources */ = {isa = PBXBuildFile; fileRef = 8F086E8328BCA05A0083958B /* SearchBookmarkDataManager.swift */; };
		8F086E8628BCAFE80083958B /* SearchBookmarkInput.swift in Sources */ = {isa = PBXBuildFile; fileRef = 8F086E8528BCAFE80083958B /* SearchBookmarkInput.swift */; };
		8F086E8828BCAFF60083958B /* SearchBookmarkResponse.swift in Sources */ = {isa = PBXBuildFile; fileRef = 8F086E8728BCAFF60083958B /* SearchBookmarkResponse.swift */; };
		8F13E94B2850AEB300F090C4 /* MealDetailViewController.swift in Sources */ = {isa = PBXBuildFile; fileRef = 8F13E9492850AEB300F090C4 /* MealDetailViewController.swift */; };
		8F13E94C2850AEB300F090C4 /* MealDetailViewController.xib in Resources */ = {isa = PBXBuildFile; fileRef = 8F13E94A2850AEB300F090C4 /* MealDetailViewController.xib */; };
		8F13E9522851FAB600F090C4 /* NicknameInitViewController.swift in Sources */ = {isa = PBXBuildFile; fileRef = 8F13E9502851FAB600F090C4 /* NicknameInitViewController.swift */; };
		8F13E9532851FAB600F090C4 /* NicknameInitViewController.xib in Resources */ = {isa = PBXBuildFile; fileRef = 8F13E9512851FAB600F090C4 /* NicknameInitViewController.xib */; };
		8F13E9562851FADF00F090C4 /* BodyInitViewController.swift in Sources */ = {isa = PBXBuildFile; fileRef = 8F13E9542851FADF00F090C4 /* BodyInitViewController.swift */; };
		8F13E9572851FADF00F090C4 /* BodyInitViewController.xib in Resources */ = {isa = PBXBuildFile; fileRef = 8F13E9552851FADF00F090C4 /* BodyInitViewController.xib */; };
		8F1A5F672868544F00B64409 /* SearchResponse.swift in Sources */ = {isa = PBXBuildFile; fileRef = 8F1A5F662868544F00B64409 /* SearchResponse.swift */; };
		8F1A5F6A2868563000B64409 /* SearchDataManager.swift in Sources */ = {isa = PBXBuildFile; fileRef = 8F1A5F692868563000B64409 /* SearchDataManager.swift */; };
		8F1A5F6D286D7A1D00B64409 /* MyInfoViewController.swift in Sources */ = {isa = PBXBuildFile; fileRef = 8F1A5F6B286D7A1D00B64409 /* MyInfoViewController.swift */; };
		8F1A5F6E286D7A1D00B64409 /* MyInfoViewController.xib in Resources */ = {isa = PBXBuildFile; fileRef = 8F1A5F6C286D7A1D00B64409 /* MyInfoViewController.xib */; };
		8F1A5F7228702C0D00B64409 /* MyInfoResponse.swift in Sources */ = {isa = PBXBuildFile; fileRef = 8F1A5F7128702C0D00B64409 /* MyInfoResponse.swift */; };
		8F1A5F7428702CB200B64409 /* MyInfoDataManager.swift in Sources */ = {isa = PBXBuildFile; fileRef = 8F1A5F7328702CB200B64409 /* MyInfoDataManager.swift */; };
		8F1A5F7628703BD700B64409 /* MyInfoDataManager2.swift in Sources */ = {isa = PBXBuildFile; fileRef = 8F1A5F7528703BD700B64409 /* MyInfoDataManager2.swift */; };
		8F1A5F782870493600B64409 /* MyInfoInput.swift in Sources */ = {isa = PBXBuildFile; fileRef = 8F1A5F772870493600B64409 /* MyInfoInput.swift */; };
		8F1A5F7A2872BD4C00B64409 /* SearchInput.swift in Sources */ = {isa = PBXBuildFile; fileRef = 8F1A5F792872BD4C00B64409 /* SearchInput.swift */; };
		8F1A5F82287C0E0A00B64409 /* CookRecommViewController.swift in Sources */ = {isa = PBXBuildFile; fileRef = 8F1A5F80287C0E0A00B64409 /* CookRecommViewController.swift */; };
		8F1A5F83287C0E0A00B64409 /* CookRecommViewController.xib in Resources */ = {isa = PBXBuildFile; fileRef = 8F1A5F81287C0E0A00B64409 /* CookRecommViewController.xib */; };
		8F1A5F88287C2BDE00B64409 /* CookRecommTableViewCell.swift in Sources */ = {isa = PBXBuildFile; fileRef = 8F1A5F86287C2BDE00B64409 /* CookRecommTableViewCell.swift */; };
		8F1A5F89287C2BDE00B64409 /* CookRecommTableViewCell.xib in Resources */ = {isa = PBXBuildFile; fileRef = 8F1A5F87287C2BDE00B64409 /* CookRecommTableViewCell.xib */; };
		8F1A5F8F288E63C900B64409 /* FoodDetailResponse.swift in Sources */ = {isa = PBXBuildFile; fileRef = 8F1A5F8E288E63C900B64409 /* FoodDetailResponse.swift */; };
		8F1A5F91288E63D600B64409 /* FoodDetailDataManager.swift in Sources */ = {isa = PBXBuildFile; fileRef = 8F1A5F90288E63D600B64409 /* FoodDetailDataManager.swift */; };
		8F1A5F952892520F00B64409 /* IngreResponse.swift in Sources */ = {isa = PBXBuildFile; fileRef = 8F1A5F942892520F00B64409 /* IngreResponse.swift */; };
		8F1A5F972892522E00B64409 /* IngreDataManager.swift in Sources */ = {isa = PBXBuildFile; fileRef = 8F1A5F962892522E00B64409 /* IngreDataManager.swift */; };
		8F1A5F992893E21400B64409 /* CookRecommResponse.swift in Sources */ = {isa = PBXBuildFile; fileRef = 8F1A5F982893E21400B64409 /* CookRecommResponse.swift */; };
		8F1A5F9B2893E3D900B64409 /* CookRecommDataManager.swift in Sources */ = {isa = PBXBuildFile; fileRef = 8F1A5F9A2893E3D900B64409 /* CookRecommDataManager.swift */; };
		8F1A5F9D2893E63300B64409 /* IngreInput.swift in Sources */ = {isa = PBXBuildFile; fileRef = 8F1A5F9C2893E63300B64409 /* IngreInput.swift */; };
		8F1A5FA02897609200B64409 /* ingreTableViewCell.swift in Sources */ = {isa = PBXBuildFile; fileRef = 8F1A5F9E2897609200B64409 /* ingreTableViewCell.swift */; };
		8F1A5FA12897609200B64409 /* ingreTableViewCell.xib in Resources */ = {isa = PBXBuildFile; fileRef = 8F1A5F9F2897609200B64409 /* ingreTableViewCell.xib */; };
		8F1A5FA42898F68900B64409 /* hasTableViewCell.swift in Sources */ = {isa = PBXBuildFile; fileRef = 8F1A5FA22898F68900B64409 /* hasTableViewCell.swift */; };
		8F1A5FA52898F68900B64409 /* hasTableViewCell.xib in Resources */ = {isa = PBXBuildFile; fileRef = 8F1A5FA32898F68900B64409 /* hasTableViewCell.xib */; };
		8F1A5FA82898F69500B64409 /* noTableViewCell.swift in Sources */ = {isa = PBXBuildFile; fileRef = 8F1A5FA62898F69500B64409 /* noTableViewCell.swift */; };
		8F1A5FA92898F69500B64409 /* noTableViewCell.xib in Resources */ = {isa = PBXBuildFile; fileRef = 8F1A5FA72898F69500B64409 /* noTableViewCell.xib */; };
		8F1A5FAF28990A7300B64409 /* RecommInnerView.xib in Resources */ = {isa = PBXBuildFile; fileRef = 8F1A5FAE28990A7300B64409 /* RecommInnerView.xib */; };
		8FA5F31E284A29DC00ED3B66 /* SearchViewController.swift in Sources */ = {isa = PBXBuildFile; fileRef = 8FA5F31C284A29DC00ED3B66 /* SearchViewController.swift */; };
		8FA5F31F284A29DC00ED3B66 /* SearchViewController.xib in Resources */ = {isa = PBXBuildFile; fileRef = 8FA5F31D284A29DC00ED3B66 /* SearchViewController.xib */; };
		8FD47FD728A39A5E002D2B82 /* LargeCategoryTableViewCell.swift in Sources */ = {isa = PBXBuildFile; fileRef = 8FD47FD528A39A5E002D2B82 /* LargeCategoryTableViewCell.swift */; };
		8FD47FD828A39A5E002D2B82 /* LargeCategoryTableViewCell.xib in Resources */ = {isa = PBXBuildFile; fileRef = 8FD47FD628A39A5E002D2B82 /* LargeCategoryTableViewCell.xib */; };
		8FD47FE128A3A16C002D2B82 /* MiddleCategoryTableViewCell.swift in Sources */ = {isa = PBXBuildFile; fileRef = 8FD47FDF28A3A16C002D2B82 /* MiddleCategoryTableViewCell.swift */; };
		8FD47FE228A3A16C002D2B82 /* MiddleCategoryTableViewCell.xib in Resources */ = {isa = PBXBuildFile; fileRef = 8FD47FE028A3A16C002D2B82 /* MiddleCategoryTableViewCell.xib */; };
		8FD47FE528A3A206002D2B82 /* LargeCategoryViewController.swift in Sources */ = {isa = PBXBuildFile; fileRef = 8FD47FE328A3A206002D2B82 /* LargeCategoryViewController.swift */; };
		8FD47FE628A3A206002D2B82 /* LargeCategoryViewController.xib in Resources */ = {isa = PBXBuildFile; fileRef = 8FD47FE428A3A206002D2B82 /* LargeCategoryViewController.xib */; };
		8FD47FEE28A3E57D002D2B82 /* RegionCategoryDataManager.swift in Sources */ = {isa = PBXBuildFile; fileRef = 8FD47FED28A3E57D002D2B82 /* RegionCategoryDataManager.swift */; };
		8FD47FF028A3E655002D2B82 /* RegionInput.swift in Sources */ = {isa = PBXBuildFile; fileRef = 8FD47FEF28A3E655002D2B82 /* RegionInput.swift */; };
		8FD47FF228A3E7B4002D2B82 /* RegionResponse.swift in Sources */ = {isa = PBXBuildFile; fileRef = 8FD47FF128A3E7B4002D2B82 /* RegionResponse.swift */; };
		8FD47FF428A62D44002D2B82 /* RestaurantSearchDataManager.swift in Sources */ = {isa = PBXBuildFile; fileRef = 8FD47FF328A62D44002D2B82 /* RestaurantSearchDataManager.swift */; };
		8FD47FF628A62D64002D2B82 /* RestaurantSearchInput.swift in Sources */ = {isa = PBXBuildFile; fileRef = 8FD47FF528A62D64002D2B82 /* RestaurantSearchInput.swift */; };
		8FD47FF828A62D7C002D2B82 /* RestaurantSearchResponse.swift in Sources */ = {isa = PBXBuildFile; fileRef = 8FD47FF728A62D7C002D2B82 /* RestaurantSearchResponse.swift */; };
		8FD47FFB28A63282002D2B82 /* RestaurantSearchViewController.swift in Sources */ = {isa = PBXBuildFile; fileRef = 8FD47FF928A63282002D2B82 /* RestaurantSearchViewController.swift */; };
		8FD47FFC28A63282002D2B82 /* RestaurantSearchViewController.xib in Resources */ = {isa = PBXBuildFile; fileRef = 8FD47FFA28A63282002D2B82 /* RestaurantSearchViewController.xib */; };
		8FD47FFF28A6437C002D2B82 /* RestaurantSearchTableViewCell.swift in Sources */ = {isa = PBXBuildFile; fileRef = 8FD47FFD28A6437C002D2B82 /* RestaurantSearchTableViewCell.swift */; };
		8FD4800028A6437C002D2B82 /* RestaurantSearchTableViewCell.xib in Resources */ = {isa = PBXBuildFile; fileRef = 8FD47FFE28A6437C002D2B82 /* RestaurantSearchTableViewCell.xib */; };
		8FD58B73284DC19C00B7BDAD /* SearchTableViewCell.swift in Sources */ = {isa = PBXBuildFile; fileRef = 8FD58B71284DC19C00B7BDAD /* SearchTableViewCell.swift */; };
		8FD58B74284DC19C00B7BDAD /* SearchTableViewCell.xib in Resources */ = {isa = PBXBuildFile; fileRef = 8FD58B72284DC19C00B7BDAD /* SearchTableViewCell.xib */; };
		CD00F67E286D77D700F8A8C0 /* UIImageView.swift in Sources */ = {isa = PBXBuildFile; fileRef = CD00F67D286D77D700F8A8C0 /* UIImageView.swift */; };
		CD00F682286DDB8D00F8A8C0 /* AnalyzeResponse.swift in Sources */ = {isa = PBXBuildFile; fileRef = CD00F681286DDB8C00F8A8C0 /* AnalyzeResponse.swift */; };
		CD00F684286DDB9800F8A8C0 /* AnalyzeDataManager.swift in Sources */ = {isa = PBXBuildFile; fileRef = CD00F683286DDB9800F8A8C0 /* AnalyzeDataManager.swift */; };
		CD00F687286DE0BC00F8A8C0 /* LoginInput.swift in Sources */ = {isa = PBXBuildFile; fileRef = CD00F686286DE0BC00F8A8C0 /* LoginInput.swift */; };
		CD00F689286DE0C500F8A8C0 /* LoginResponse.swift in Sources */ = {isa = PBXBuildFile; fileRef = CD00F688286DE0C500F8A8C0 /* LoginResponse.swift */; };
		CD00F68C286DE13000F8A8C0 /* LoginDataManager.swift in Sources */ = {isa = PBXBuildFile; fileRef = CD00F68B286DE13000F8A8C0 /* LoginDataManager.swift */; };
		CD0F0678286F22ED0032D590 /* SignupInput.swift in Sources */ = {isa = PBXBuildFile; fileRef = CD0F0677286F22ED0032D590 /* SignupInput.swift */; };
		CD0F067A286F23020032D590 /* SignupResponse.swift in Sources */ = {isa = PBXBuildFile; fileRef = CD0F0679286F23020032D590 /* SignupResponse.swift */; };
		CD0F067C286F236F0032D590 /* SignupDataManager.swift in Sources */ = {isa = PBXBuildFile; fileRef = CD0F067B286F236F0032D590 /* SignupDataManager.swift */; };
		CD29AD94289ACF42001C8C51 /* BookmarkInput.swift in Sources */ = {isa = PBXBuildFile; fileRef = CD29AD93289ACF42001C8C51 /* BookmarkInput.swift */; };
		CD29AD96289ACF4A001C8C51 /* BookmarkResponse.swift in Sources */ = {isa = PBXBuildFile; fileRef = CD29AD95289ACF4A001C8C51 /* BookmarkResponse.swift */; };
		CD29AD98289ACF75001C8C51 /* BookmarkDataManager.swift in Sources */ = {isa = PBXBuildFile; fileRef = CD29AD97289ACF75001C8C51 /* BookmarkDataManager.swift */; };
		CD2A29A428A3BC7A00A271A6 /* RestaurantViewController.swift in Sources */ = {isa = PBXBuildFile; fileRef = CD2A29A328A3BC7A00A271A6 /* RestaurantViewController.swift */; };
		CD3E930E284DED9D0057E24F /* ArcProgressView.swift in Sources */ = {isa = PBXBuildFile; fileRef = CD3E930D284DED9D0057E24F /* ArcProgressView.swift */; };
		CD4FE96C28939AF400D2F2E6 /* MapResponse.swift in Sources */ = {isa = PBXBuildFile; fileRef = CD4FE96B28939AF400D2F2E6 /* MapResponse.swift */; };
		CD4FE96E28939B5400D2F2E6 /* MapDataManager.swift in Sources */ = {isa = PBXBuildFile; fileRef = CD4FE96D28939B5400D2F2E6 /* MapDataManager.swift */; };
		CD54F1B8289B87D600009EC1 /* FoodPredictResponse.swift in Sources */ = {isa = PBXBuildFile; fileRef = CD54F1B7289B87D600009EC1 /* FoodPredictResponse.swift */; };
		CD54F1BA289B887E00009EC1 /* FoodPredictDataManager.swift in Sources */ = {isa = PBXBuildFile; fileRef = CD54F1B9289B887E00009EC1 /* FoodPredictDataManager.swift */; };
		CD636D22284B346700ED137E /* MealCollectionViewCell.swift in Sources */ = {isa = PBXBuildFile; fileRef = CD636D20284B346700ED137E /* MealCollectionViewCell.swift */; };
		CD636D23284B346700ED137E /* MealCollectionViewCell.xib in Resources */ = {isa = PBXBuildFile; fileRef = CD636D21284B346700ED137E /* MealCollectionViewCell.xib */; };
		CD6A455C288E7859004B8B91 /* EventTableViewCell.swift in Sources */ = {isa = PBXBuildFile; fileRef = CD6A455A288E7859004B8B91 /* EventTableViewCell.swift */; };
		CD6A455D288E7859004B8B91 /* EventTableViewCell.xib in Resources */ = {isa = PBXBuildFile; fileRef = CD6A455B288E7859004B8B91 /* EventTableViewCell.xib */; };
		CD6A4561288E790D004B8B91 /* MapViewController.swift in Sources */ = {isa = PBXBuildFile; fileRef = CD6A455F288E790D004B8B91 /* MapViewController.swift */; };
		CD6A4562288E790D004B8B91 /* MapViewController.xib in Resources */ = {isa = PBXBuildFile; fileRef = CD6A4560288E790D004B8B91 /* MapViewController.xib */; };
		CD7F38192844668C00D15356 /* RegisterCollectionViewCell.swift in Sources */ = {isa = PBXBuildFile; fileRef = CD7F38172844668C00D15356 /* RegisterCollectionViewCell.swift */; };
		CD7F381A2844668C00D15356 /* RegisterCollectionViewCell.xib in Resources */ = {isa = PBXBuildFile; fileRef = CD7F38182844668C00D15356 /* RegisterCollectionViewCell.xib */; };
		CD7F38212844678700D15356 /* TabCollectionViewCell.swift in Sources */ = {isa = PBXBuildFile; fileRef = CD7F381F2844678700D15356 /* TabCollectionViewCell.swift */; };
		CD7F38222844678700D15356 /* TabCollectionViewCell.xib in Resources */ = {isa = PBXBuildFile; fileRef = CD7F38202844678700D15356 /* TabCollectionViewCell.xib */; };
		CD7F38262844AE9800D15356 /* FoodRegisterViewController.swift in Sources */ = {isa = PBXBuildFile; fileRef = CD7F38242844AE9800D15356 /* FoodRegisterViewController.swift */; };
		CD7F38272844AE9800D15356 /* FoodRegisterViewController.xib in Resources */ = {isa = PBXBuildFile; fileRef = CD7F38252844AE9800D15356 /* FoodRegisterViewController.xib */; };
		CDA125E02843A0C500ECBED6 /* UIView.swift in Sources */ = {isa = PBXBuildFile; fileRef = CDA125DF2843A0C500ECBED6 /* UIView.swift */; };
		CDBBF2A6284B87CC003F5EEA /* MealTableViewCell.swift in Sources */ = {isa = PBXBuildFile; fileRef = CDBBF2A4284B87CC003F5EEA /* MealTableViewCell.swift */; };
		CDBBF2A7284B87CC003F5EEA /* MealTableViewCell.xib in Resources */ = {isa = PBXBuildFile; fileRef = CDBBF2A5284B87CC003F5EEA /* MealTableViewCell.xib */; };
		CDC61203284A50120041F5C7 /* RegisterInput.swift in Sources */ = {isa = PBXBuildFile; fileRef = CDC61202284A50120041F5C7 /* RegisterInput.swift */; };
		CDC61205284A50190041F5C7 /* RegisterResponse.swift in Sources */ = {isa = PBXBuildFile; fileRef = CDC61204284A50190041F5C7 /* RegisterResponse.swift */; };
		CDC61208284A50480041F5C7 /* RegisterDataManager.swift in Sources */ = {isa = PBXBuildFile; fileRef = CDC61207284A50480041F5C7 /* RegisterDataManager.swift */; };
		CDD6B10028927C1700E6473D /* Geocoding.swift in Sources */ = {isa = PBXBuildFile; fileRef = CDD6B0FF28927C1700E6473D /* Geocoding.swift */; };
		CDDFF9882865EC5800303501 /* NutrientDetailViewController.swift in Sources */ = {isa = PBXBuildFile; fileRef = CDDFF9862865EC5800303501 /* NutrientDetailViewController.swift */; };
		CDDFF9892865EC5800303501 /* NutrientDetailViewController.xib in Resources */ = {isa = PBXBuildFile; fileRef = CDDFF9872865EC5800303501 /* NutrientDetailViewController.xib */; };
		CDE2488E28475C2F00FE35E3 /* SelectTypeViewController.swift in Sources */ = {isa = PBXBuildFile; fileRef = CDE2488C28475C2F00FE35E3 /* SelectTypeViewController.swift */; };
		CDE2488F28475C2F00FE35E3 /* SelectTypeViewController.xib in Resources */ = {isa = PBXBuildFile; fileRef = CDE2488D28475C2F00FE35E3 /* SelectTypeViewController.xib */; };
		CDE47F3628424B44005D8BB3 /* AppDelegate.swift in Sources */ = {isa = PBXBuildFile; fileRef = CDE47F3528424B44005D8BB3 /* AppDelegate.swift */; };
		CDE47F3828424B44005D8BB3 /* SceneDelegate.swift in Sources */ = {isa = PBXBuildFile; fileRef = CDE47F3728424B44005D8BB3 /* SceneDelegate.swift */; };
		CDE47F4028424B44005D8BB3 /* aeVeganDiary.xcdatamodeld in Sources */ = {isa = PBXBuildFile; fileRef = CDE47F3E28424B44005D8BB3 /* aeVeganDiary.xcdatamodeld */; };
		CDE47F4228424B45005D8BB3 /* Assets.xcassets in Resources */ = {isa = PBXBuildFile; fileRef = CDE47F4128424B45005D8BB3 /* Assets.xcassets */; };
		CDE47F4528424B45005D8BB3 /* LaunchScreen.storyboard in Resources */ = {isa = PBXBuildFile; fileRef = CDE47F4328424B45005D8BB3 /* LaunchScreen.storyboard */; };
		CDE47F4F28426B86005D8BB3 /* Constant.swift in Sources */ = {isa = PBXBuildFile; fileRef = CDE47F4E28426B86005D8BB3 /* Constant.swift */; };
		CDE47F5228426BAD005D8BB3 /* IndicatorView.swift in Sources */ = {isa = PBXBuildFile; fileRef = CDE47F5128426BAD005D8BB3 /* IndicatorView.swift */; };
		CDE47F5528426BCB005D8BB3 /* UIColor.swift in Sources */ = {isa = PBXBuildFile; fileRef = CDE47F5428426BCB005D8BB3 /* UIColor.swift */; };
		CDE47F5728426E74005D8BB3 /* UIViewController.swift in Sources */ = {isa = PBXBuildFile; fileRef = CDE47F5628426E74005D8BB3 /* UIViewController.swift */; };
		CDE47F5A28426FA7005D8BB3 /* BaseViewController.swift in Sources */ = {isa = PBXBuildFile; fileRef = CDE47F5928426FA7005D8BB3 /* BaseViewController.swift */; };
		CDE47F5C28426FB8005D8BB3 /* BaseTabBarController.swift in Sources */ = {isa = PBXBuildFile; fileRef = CDE47F5B28426FB8005D8BB3 /* BaseTabBarController.swift */; };
		CDE47F6128427062005D8BB3 /* LoginViewController.swift in Sources */ = {isa = PBXBuildFile; fileRef = CDE47F5F28427062005D8BB3 /* LoginViewController.swift */; };
		CDE47F6228427062005D8BB3 /* LoginViewController.xib in Resources */ = {isa = PBXBuildFile; fileRef = CDE47F6028427062005D8BB3 /* LoginViewController.xib */; };
		CDE47F662842741E005D8BB3 /* HomeViewController.swift in Sources */ = {isa = PBXBuildFile; fileRef = CDE47F642842741E005D8BB3 /* HomeViewController.swift */; };
		CDE47F672842741E005D8BB3 /* HomeViewController.xib in Resources */ = {isa = PBXBuildFile; fileRef = CDE47F652842741E005D8BB3 /* HomeViewController.xib */; };
		CDE47F6D2842747D005D8BB3 /* AnalyzeViewController.swift in Sources */ = {isa = PBXBuildFile; fileRef = CDE47F6B2842747D005D8BB3 /* AnalyzeViewController.swift */; };
		CDE47F6E2842747D005D8BB3 /* AnalyzeViewController.xib in Resources */ = {isa = PBXBuildFile; fileRef = CDE47F6C2842747D005D8BB3 /* AnalyzeViewController.xib */; };
		CDE47F75284274B0005D8BB3 /* MypageViewController.swift in Sources */ = {isa = PBXBuildFile; fileRef = CDE47F73284274B0005D8BB3 /* MypageViewController.swift */; };
		CDE47F76284274B0005D8BB3 /* MypageViewController.xib in Resources */ = {isa = PBXBuildFile; fileRef = CDE47F74284274B0005D8BB3 /* MypageViewController.xib */; };
		CDEB0C39286B238900725D41 /* MealDetailInput.swift in Sources */ = {isa = PBXBuildFile; fileRef = CDEB0C38286B238900725D41 /* MealDetailInput.swift */; };
		CDEB0C3B286B239800725D41 /* MealDetailResponse.swift in Sources */ = {isa = PBXBuildFile; fileRef = CDEB0C3A286B239800725D41 /* MealDetailResponse.swift */; };
		CDEB0C3D286B23A900725D41 /* MealDetailDataManager.swift in Sources */ = {isa = PBXBuildFile; fileRef = CDEB0C3C286B23A900725D41 /* MealDetailDataManager.swift */; };
		CDFF9AB6284A076900217725 /* HomeInput.swift in Sources */ = {isa = PBXBuildFile; fileRef = CDFF9AB5284A076900217725 /* HomeInput.swift */; };
		CDFF9AB8284A077900217725 /* HomeResponse.swift in Sources */ = {isa = PBXBuildFile; fileRef = CDFF9AB7284A077900217725 /* HomeResponse.swift */; };
		CDFF9ABA284A09AE00217725 /* HomeDataManager.swift in Sources */ = {isa = PBXBuildFile; fileRef = CDFF9AB9284A09AE00217725 /* HomeDataManager.swift */; };
		CDFF9ABC284A351F00217725 /* UITextField.swift in Sources */ = {isa = PBXBuildFile; fileRef = CDFF9ABB284A351F00217725 /* UITextField.swift */; };
/* End PBXBuildFile section */

/* Begin PBXFileReference section */
		5B2617724301A8FD6552BEAD /* Pods_aeVeganDiary.framework */ = {isa = PBXFileReference; explicitFileType = wrapper.framework; includeInIndex = 0; path = Pods_aeVeganDiary.framework; sourceTree = BUILT_PRODUCTS_DIR; };
		8F086E8328BCA05A0083958B /* SearchBookmarkDataManager.swift */ = {isa = PBXFileReference; lastKnownFileType = sourcecode.swift; path = SearchBookmarkDataManager.swift; sourceTree = "<group>"; };
		8F086E8528BCAFE80083958B /* SearchBookmarkInput.swift */ = {isa = PBXFileReference; lastKnownFileType = sourcecode.swift; path = SearchBookmarkInput.swift; sourceTree = "<group>"; };
		8F086E8728BCAFF60083958B /* SearchBookmarkResponse.swift */ = {isa = PBXFileReference; lastKnownFileType = sourcecode.swift; path = SearchBookmarkResponse.swift; sourceTree = "<group>"; };
		8F13E9492850AEB300F090C4 /* MealDetailViewController.swift */ = {isa = PBXFileReference; lastKnownFileType = sourcecode.swift; path = MealDetailViewController.swift; sourceTree = "<group>"; };
		8F13E94A2850AEB300F090C4 /* MealDetailViewController.xib */ = {isa = PBXFileReference; lastKnownFileType = file.xib; path = MealDetailViewController.xib; sourceTree = "<group>"; };
		8F13E9502851FAB600F090C4 /* NicknameInitViewController.swift */ = {isa = PBXFileReference; lastKnownFileType = sourcecode.swift; path = NicknameInitViewController.swift; sourceTree = "<group>"; };
		8F13E9512851FAB600F090C4 /* NicknameInitViewController.xib */ = {isa = PBXFileReference; lastKnownFileType = file.xib; path = NicknameInitViewController.xib; sourceTree = "<group>"; };
		8F13E9542851FADF00F090C4 /* BodyInitViewController.swift */ = {isa = PBXFileReference; lastKnownFileType = sourcecode.swift; path = BodyInitViewController.swift; sourceTree = "<group>"; };
		8F13E9552851FADF00F090C4 /* BodyInitViewController.xib */ = {isa = PBXFileReference; lastKnownFileType = file.xib; path = BodyInitViewController.xib; sourceTree = "<group>"; };
		8F1A5F662868544F00B64409 /* SearchResponse.swift */ = {isa = PBXFileReference; lastKnownFileType = sourcecode.swift; path = SearchResponse.swift; sourceTree = "<group>"; };
		8F1A5F692868563000B64409 /* SearchDataManager.swift */ = {isa = PBXFileReference; lastKnownFileType = sourcecode.swift; path = SearchDataManager.swift; sourceTree = "<group>"; };
		8F1A5F6B286D7A1D00B64409 /* MyInfoViewController.swift */ = {isa = PBXFileReference; lastKnownFileType = sourcecode.swift; path = MyInfoViewController.swift; sourceTree = "<group>"; };
		8F1A5F6C286D7A1D00B64409 /* MyInfoViewController.xib */ = {isa = PBXFileReference; lastKnownFileType = file.xib; path = MyInfoViewController.xib; sourceTree = "<group>"; };
		8F1A5F7128702C0D00B64409 /* MyInfoResponse.swift */ = {isa = PBXFileReference; lastKnownFileType = sourcecode.swift; path = MyInfoResponse.swift; sourceTree = "<group>"; };
		8F1A5F7328702CB200B64409 /* MyInfoDataManager.swift */ = {isa = PBXFileReference; lastKnownFileType = sourcecode.swift; path = MyInfoDataManager.swift; sourceTree = "<group>"; };
		8F1A5F7528703BD700B64409 /* MyInfoDataManager2.swift */ = {isa = PBXFileReference; lastKnownFileType = sourcecode.swift; path = MyInfoDataManager2.swift; sourceTree = "<group>"; };
		8F1A5F772870493600B64409 /* MyInfoInput.swift */ = {isa = PBXFileReference; lastKnownFileType = sourcecode.swift; path = MyInfoInput.swift; sourceTree = "<group>"; };
		8F1A5F792872BD4C00B64409 /* SearchInput.swift */ = {isa = PBXFileReference; lastKnownFileType = sourcecode.swift; path = SearchInput.swift; sourceTree = "<group>"; };
		8F1A5F80287C0E0A00B64409 /* CookRecommViewController.swift */ = {isa = PBXFileReference; lastKnownFileType = sourcecode.swift; path = CookRecommViewController.swift; sourceTree = "<group>"; };
		8F1A5F81287C0E0A00B64409 /* CookRecommViewController.xib */ = {isa = PBXFileReference; lastKnownFileType = file.xib; path = CookRecommViewController.xib; sourceTree = "<group>"; };
		8F1A5F86287C2BDE00B64409 /* CookRecommTableViewCell.swift */ = {isa = PBXFileReference; lastKnownFileType = sourcecode.swift; path = CookRecommTableViewCell.swift; sourceTree = "<group>"; };
		8F1A5F87287C2BDE00B64409 /* CookRecommTableViewCell.xib */ = {isa = PBXFileReference; lastKnownFileType = file.xib; path = CookRecommTableViewCell.xib; sourceTree = "<group>"; };
		8F1A5F8E288E63C900B64409 /* FoodDetailResponse.swift */ = {isa = PBXFileReference; lastKnownFileType = sourcecode.swift; path = FoodDetailResponse.swift; sourceTree = "<group>"; };
		8F1A5F90288E63D600B64409 /* FoodDetailDataManager.swift */ = {isa = PBXFileReference; lastKnownFileType = sourcecode.swift; path = FoodDetailDataManager.swift; sourceTree = "<group>"; };
		8F1A5F942892520F00B64409 /* IngreResponse.swift */ = {isa = PBXFileReference; lastKnownFileType = sourcecode.swift; path = IngreResponse.swift; sourceTree = "<group>"; };
		8F1A5F962892522E00B64409 /* IngreDataManager.swift */ = {isa = PBXFileReference; lastKnownFileType = sourcecode.swift; path = IngreDataManager.swift; sourceTree = "<group>"; };
		8F1A5F982893E21400B64409 /* CookRecommResponse.swift */ = {isa = PBXFileReference; lastKnownFileType = sourcecode.swift; path = CookRecommResponse.swift; sourceTree = "<group>"; };
		8F1A5F9A2893E3D900B64409 /* CookRecommDataManager.swift */ = {isa = PBXFileReference; lastKnownFileType = sourcecode.swift; path = CookRecommDataManager.swift; sourceTree = "<group>"; };
		8F1A5F9C2893E63300B64409 /* IngreInput.swift */ = {isa = PBXFileReference; lastKnownFileType = sourcecode.swift; path = IngreInput.swift; sourceTree = "<group>"; };
		8F1A5F9E2897609200B64409 /* ingreTableViewCell.swift */ = {isa = PBXFileReference; lastKnownFileType = sourcecode.swift; path = ingreTableViewCell.swift; sourceTree = "<group>"; };
		8F1A5F9F2897609200B64409 /* ingreTableViewCell.xib */ = {isa = PBXFileReference; lastKnownFileType = file.xib; path = ingreTableViewCell.xib; sourceTree = "<group>"; };
		8F1A5FA22898F68900B64409 /* hasTableViewCell.swift */ = {isa = PBXFileReference; lastKnownFileType = sourcecode.swift; path = hasTableViewCell.swift; sourceTree = "<group>"; };
		8F1A5FA32898F68900B64409 /* hasTableViewCell.xib */ = {isa = PBXFileReference; lastKnownFileType = file.xib; path = hasTableViewCell.xib; sourceTree = "<group>"; };
		8F1A5FA62898F69500B64409 /* noTableViewCell.swift */ = {isa = PBXFileReference; lastKnownFileType = sourcecode.swift; path = noTableViewCell.swift; sourceTree = "<group>"; };
		8F1A5FA72898F69500B64409 /* noTableViewCell.xib */ = {isa = PBXFileReference; lastKnownFileType = file.xib; path = noTableViewCell.xib; sourceTree = "<group>"; };
		8F1A5FAE28990A7300B64409 /* RecommInnerView.xib */ = {isa = PBXFileReference; lastKnownFileType = file.xib; path = RecommInnerView.xib; sourceTree = "<group>"; };
		8FA5F31C284A29DC00ED3B66 /* SearchViewController.swift */ = {isa = PBXFileReference; lastKnownFileType = sourcecode.swift; path = SearchViewController.swift; sourceTree = "<group>"; };
		8FA5F31D284A29DC00ED3B66 /* SearchViewController.xib */ = {isa = PBXFileReference; lastKnownFileType = file.xib; path = SearchViewController.xib; sourceTree = "<group>"; };
		8FD47FD528A39A5E002D2B82 /* LargeCategoryTableViewCell.swift */ = {isa = PBXFileReference; lastKnownFileType = sourcecode.swift; path = LargeCategoryTableViewCell.swift; sourceTree = "<group>"; };
		8FD47FD628A39A5E002D2B82 /* LargeCategoryTableViewCell.xib */ = {isa = PBXFileReference; lastKnownFileType = file.xib; path = LargeCategoryTableViewCell.xib; sourceTree = "<group>"; };
		8FD47FDF28A3A16C002D2B82 /* MiddleCategoryTableViewCell.swift */ = {isa = PBXFileReference; lastKnownFileType = sourcecode.swift; path = MiddleCategoryTableViewCell.swift; sourceTree = "<group>"; };
		8FD47FE028A3A16C002D2B82 /* MiddleCategoryTableViewCell.xib */ = {isa = PBXFileReference; lastKnownFileType = file.xib; path = MiddleCategoryTableViewCell.xib; sourceTree = "<group>"; };
		8FD47FE328A3A206002D2B82 /* LargeCategoryViewController.swift */ = {isa = PBXFileReference; lastKnownFileType = sourcecode.swift; path = LargeCategoryViewController.swift; sourceTree = "<group>"; };
		8FD47FE428A3A206002D2B82 /* LargeCategoryViewController.xib */ = {isa = PBXFileReference; lastKnownFileType = file.xib; path = LargeCategoryViewController.xib; sourceTree = "<group>"; };
		8FD47FED28A3E57D002D2B82 /* RegionCategoryDataManager.swift */ = {isa = PBXFileReference; lastKnownFileType = sourcecode.swift; path = RegionCategoryDataManager.swift; sourceTree = "<group>"; };
		8FD47FEF28A3E655002D2B82 /* RegionInput.swift */ = {isa = PBXFileReference; lastKnownFileType = sourcecode.swift; path = RegionInput.swift; sourceTree = "<group>"; };
		8FD47FF128A3E7B4002D2B82 /* RegionResponse.swift */ = {isa = PBXFileReference; lastKnownFileType = sourcecode.swift; path = RegionResponse.swift; sourceTree = "<group>"; };
		8FD47FF328A62D44002D2B82 /* RestaurantSearchDataManager.swift */ = {isa = PBXFileReference; lastKnownFileType = sourcecode.swift; path = RestaurantSearchDataManager.swift; sourceTree = "<group>"; };
		8FD47FF528A62D64002D2B82 /* RestaurantSearchInput.swift */ = {isa = PBXFileReference; lastKnownFileType = sourcecode.swift; path = RestaurantSearchInput.swift; sourceTree = "<group>"; };
		8FD47FF728A62D7C002D2B82 /* RestaurantSearchResponse.swift */ = {isa = PBXFileReference; lastKnownFileType = sourcecode.swift; path = RestaurantSearchResponse.swift; sourceTree = "<group>"; };
		8FD47FF928A63282002D2B82 /* RestaurantSearchViewController.swift */ = {isa = PBXFileReference; lastKnownFileType = sourcecode.swift; path = RestaurantSearchViewController.swift; sourceTree = "<group>"; };
		8FD47FFA28A63282002D2B82 /* RestaurantSearchViewController.xib */ = {isa = PBXFileReference; lastKnownFileType = file.xib; path = RestaurantSearchViewController.xib; sourceTree = "<group>"; };
		8FD47FFD28A6437C002D2B82 /* RestaurantSearchTableViewCell.swift */ = {isa = PBXFileReference; lastKnownFileType = sourcecode.swift; path = RestaurantSearchTableViewCell.swift; sourceTree = "<group>"; };
		8FD47FFE28A6437C002D2B82 /* RestaurantSearchTableViewCell.xib */ = {isa = PBXFileReference; lastKnownFileType = file.xib; path = RestaurantSearchTableViewCell.xib; sourceTree = "<group>"; };
		8FD58B71284DC19C00B7BDAD /* SearchTableViewCell.swift */ = {isa = PBXFileReference; lastKnownFileType = sourcecode.swift; path = SearchTableViewCell.swift; sourceTree = "<group>"; };
		8FD58B72284DC19C00B7BDAD /* SearchTableViewCell.xib */ = {isa = PBXFileReference; lastKnownFileType = file.xib; path = SearchTableViewCell.xib; sourceTree = "<group>"; };
		AF81E3FBAC7CA22BB643B288 /* Pods-aeVeganDiary.debug.xcconfig */ = {isa = PBXFileReference; includeInIndex = 1; lastKnownFileType = text.xcconfig; name = "Pods-aeVeganDiary.debug.xcconfig"; path = "Target Support Files/Pods-aeVeganDiary/Pods-aeVeganDiary.debug.xcconfig"; sourceTree = "<group>"; };
		C631CBED21040A7912D91EEA /* Pods-aeVeganDiary.release.xcconfig */ = {isa = PBXFileReference; includeInIndex = 1; lastKnownFileType = text.xcconfig; name = "Pods-aeVeganDiary.release.xcconfig"; path = "Target Support Files/Pods-aeVeganDiary/Pods-aeVeganDiary.release.xcconfig"; sourceTree = "<group>"; };
		CD00F67D286D77D700F8A8C0 /* UIImageView.swift */ = {isa = PBXFileReference; lastKnownFileType = sourcecode.swift; path = UIImageView.swift; sourceTree = "<group>"; };
		CD00F681286DDB8C00F8A8C0 /* AnalyzeResponse.swift */ = {isa = PBXFileReference; lastKnownFileType = sourcecode.swift; path = AnalyzeResponse.swift; sourceTree = "<group>"; };
		CD00F683286DDB9800F8A8C0 /* AnalyzeDataManager.swift */ = {isa = PBXFileReference; lastKnownFileType = sourcecode.swift; path = AnalyzeDataManager.swift; sourceTree = "<group>"; };
		CD00F686286DE0BC00F8A8C0 /* LoginInput.swift */ = {isa = PBXFileReference; lastKnownFileType = sourcecode.swift; path = LoginInput.swift; sourceTree = "<group>"; };
		CD00F688286DE0C500F8A8C0 /* LoginResponse.swift */ = {isa = PBXFileReference; lastKnownFileType = sourcecode.swift; path = LoginResponse.swift; sourceTree = "<group>"; };
		CD00F68B286DE13000F8A8C0 /* LoginDataManager.swift */ = {isa = PBXFileReference; lastKnownFileType = sourcecode.swift; path = LoginDataManager.swift; sourceTree = "<group>"; };
		CD0F0677286F22ED0032D590 /* SignupInput.swift */ = {isa = PBXFileReference; lastKnownFileType = sourcecode.swift; path = SignupInput.swift; sourceTree = "<group>"; };
		CD0F0679286F23020032D590 /* SignupResponse.swift */ = {isa = PBXFileReference; lastKnownFileType = sourcecode.swift; path = SignupResponse.swift; sourceTree = "<group>"; };
		CD0F067B286F236F0032D590 /* SignupDataManager.swift */ = {isa = PBXFileReference; lastKnownFileType = sourcecode.swift; path = SignupDataManager.swift; sourceTree = "<group>"; };
		CD29AD93289ACF42001C8C51 /* BookmarkInput.swift */ = {isa = PBXFileReference; lastKnownFileType = sourcecode.swift; path = BookmarkInput.swift; sourceTree = "<group>"; };
		CD29AD95289ACF4A001C8C51 /* BookmarkResponse.swift */ = {isa = PBXFileReference; lastKnownFileType = sourcecode.swift; path = BookmarkResponse.swift; sourceTree = "<group>"; };
		CD29AD97289ACF75001C8C51 /* BookmarkDataManager.swift */ = {isa = PBXFileReference; lastKnownFileType = sourcecode.swift; path = BookmarkDataManager.swift; sourceTree = "<group>"; };
		CD2A29A328A3BC7A00A271A6 /* RestaurantViewController.swift */ = {isa = PBXFileReference; lastKnownFileType = sourcecode.swift; path = RestaurantViewController.swift; sourceTree = "<group>"; };
		CD3E930D284DED9D0057E24F /* ArcProgressView.swift */ = {isa = PBXFileReference; lastKnownFileType = sourcecode.swift; path = ArcProgressView.swift; sourceTree = "<group>"; };
		CD4FE96B28939AF400D2F2E6 /* MapResponse.swift */ = {isa = PBXFileReference; lastKnownFileType = sourcecode.swift; path = MapResponse.swift; sourceTree = "<group>"; };
		CD4FE96D28939B5400D2F2E6 /* MapDataManager.swift */ = {isa = PBXFileReference; lastKnownFileType = sourcecode.swift; path = MapDataManager.swift; sourceTree = "<group>"; };
		CD54F1B7289B87D600009EC1 /* FoodPredictResponse.swift */ = {isa = PBXFileReference; lastKnownFileType = sourcecode.swift; path = FoodPredictResponse.swift; sourceTree = "<group>"; };
		CD54F1B9289B887E00009EC1 /* FoodPredictDataManager.swift */ = {isa = PBXFileReference; lastKnownFileType = sourcecode.swift; path = FoodPredictDataManager.swift; sourceTree = "<group>"; };
		CD636D20284B346700ED137E /* MealCollectionViewCell.swift */ = {isa = PBXFileReference; lastKnownFileType = sourcecode.swift; path = MealCollectionViewCell.swift; sourceTree = "<group>"; };
		CD636D21284B346700ED137E /* MealCollectionViewCell.xib */ = {isa = PBXFileReference; lastKnownFileType = file.xib; path = MealCollectionViewCell.xib; sourceTree = "<group>"; };
		CD6A455A288E7859004B8B91 /* EventTableViewCell.swift */ = {isa = PBXFileReference; lastKnownFileType = sourcecode.swift; path = EventTableViewCell.swift; sourceTree = "<group>"; };
		CD6A455B288E7859004B8B91 /* EventTableViewCell.xib */ = {isa = PBXFileReference; lastKnownFileType = file.xib; path = EventTableViewCell.xib; sourceTree = "<group>"; };
		CD6A455F288E790D004B8B91 /* MapViewController.swift */ = {isa = PBXFileReference; lastKnownFileType = sourcecode.swift; path = MapViewController.swift; sourceTree = "<group>"; };
		CD6A4560288E790D004B8B91 /* MapViewController.xib */ = {isa = PBXFileReference; lastKnownFileType = file.xib; path = MapViewController.xib; sourceTree = "<group>"; };
		CD7F38172844668C00D15356 /* RegisterCollectionViewCell.swift */ = {isa = PBXFileReference; lastKnownFileType = sourcecode.swift; path = RegisterCollectionViewCell.swift; sourceTree = "<group>"; };
		CD7F38182844668C00D15356 /* RegisterCollectionViewCell.xib */ = {isa = PBXFileReference; lastKnownFileType = file.xib; path = RegisterCollectionViewCell.xib; sourceTree = "<group>"; };
		CD7F381F2844678700D15356 /* TabCollectionViewCell.swift */ = {isa = PBXFileReference; lastKnownFileType = sourcecode.swift; path = TabCollectionViewCell.swift; sourceTree = "<group>"; };
		CD7F38202844678700D15356 /* TabCollectionViewCell.xib */ = {isa = PBXFileReference; lastKnownFileType = file.xib; path = TabCollectionViewCell.xib; sourceTree = "<group>"; };
		CD7F38242844AE9800D15356 /* FoodRegisterViewController.swift */ = {isa = PBXFileReference; lastKnownFileType = sourcecode.swift; path = FoodRegisterViewController.swift; sourceTree = "<group>"; };
		CD7F38252844AE9800D15356 /* FoodRegisterViewController.xib */ = {isa = PBXFileReference; lastKnownFileType = file.xib; path = FoodRegisterViewController.xib; sourceTree = "<group>"; };
		CDA125DF2843A0C500ECBED6 /* UIView.swift */ = {isa = PBXFileReference; lastKnownFileType = sourcecode.swift; path = UIView.swift; sourceTree = "<group>"; };
		CDBBF2A4284B87CC003F5EEA /* MealTableViewCell.swift */ = {isa = PBXFileReference; lastKnownFileType = sourcecode.swift; path = MealTableViewCell.swift; sourceTree = "<group>"; };
		CDBBF2A5284B87CC003F5EEA /* MealTableViewCell.xib */ = {isa = PBXFileReference; lastKnownFileType = file.xib; path = MealTableViewCell.xib; sourceTree = "<group>"; };
		CDC61202284A50120041F5C7 /* RegisterInput.swift */ = {isa = PBXFileReference; lastKnownFileType = sourcecode.swift; path = RegisterInput.swift; sourceTree = "<group>"; };
		CDC61204284A50190041F5C7 /* RegisterResponse.swift */ = {isa = PBXFileReference; lastKnownFileType = sourcecode.swift; path = RegisterResponse.swift; sourceTree = "<group>"; };
		CDC61207284A50480041F5C7 /* RegisterDataManager.swift */ = {isa = PBXFileReference; lastKnownFileType = sourcecode.swift; path = RegisterDataManager.swift; sourceTree = "<group>"; };
		CDD6B0FF28927C1700E6473D /* Geocoding.swift */ = {isa = PBXFileReference; lastKnownFileType = sourcecode.swift; path = Geocoding.swift; sourceTree = "<group>"; };
		CDDFF9862865EC5800303501 /* NutrientDetailViewController.swift */ = {isa = PBXFileReference; lastKnownFileType = sourcecode.swift; path = NutrientDetailViewController.swift; sourceTree = "<group>"; };
		CDDFF9872865EC5800303501 /* NutrientDetailViewController.xib */ = {isa = PBXFileReference; lastKnownFileType = file.xib; path = NutrientDetailViewController.xib; sourceTree = "<group>"; };
		CDE2488C28475C2F00FE35E3 /* SelectTypeViewController.swift */ = {isa = PBXFileReference; lastKnownFileType = sourcecode.swift; path = SelectTypeViewController.swift; sourceTree = "<group>"; };
		CDE2488D28475C2F00FE35E3 /* SelectTypeViewController.xib */ = {isa = PBXFileReference; lastKnownFileType = file.xib; path = SelectTypeViewController.xib; sourceTree = "<group>"; };
		CDE47F3228424B44005D8BB3 /* aeVeganDiary.app */ = {isa = PBXFileReference; explicitFileType = wrapper.application; includeInIndex = 0; path = aeVeganDiary.app; sourceTree = BUILT_PRODUCTS_DIR; };
		CDE47F3528424B44005D8BB3 /* AppDelegate.swift */ = {isa = PBXFileReference; lastKnownFileType = sourcecode.swift; path = AppDelegate.swift; sourceTree = "<group>"; };
		CDE47F3728424B44005D8BB3 /* SceneDelegate.swift */ = {isa = PBXFileReference; lastKnownFileType = sourcecode.swift; path = SceneDelegate.swift; sourceTree = "<group>"; };
		CDE47F3F28424B44005D8BB3 /* aeVeganDiary.xcdatamodel */ = {isa = PBXFileReference; lastKnownFileType = wrapper.xcdatamodel; path = aeVeganDiary.xcdatamodel; sourceTree = "<group>"; };
		CDE47F4128424B45005D8BB3 /* Assets.xcassets */ = {isa = PBXFileReference; lastKnownFileType = folder.assetcatalog; path = Assets.xcassets; sourceTree = "<group>"; };
		CDE47F4428424B45005D8BB3 /* Base */ = {isa = PBXFileReference; lastKnownFileType = file.storyboard; name = Base; path = Base.lproj/LaunchScreen.storyboard; sourceTree = "<group>"; };
		CDE47F4628424B45005D8BB3 /* Info.plist */ = {isa = PBXFileReference; lastKnownFileType = text.plist.xml; path = Info.plist; sourceTree = "<group>"; };
		CDE47F4E28426B86005D8BB3 /* Constant.swift */ = {isa = PBXFileReference; lastKnownFileType = sourcecode.swift; path = Constant.swift; sourceTree = "<group>"; };
		CDE47F5128426BAD005D8BB3 /* IndicatorView.swift */ = {isa = PBXFileReference; lastKnownFileType = sourcecode.swift; path = IndicatorView.swift; sourceTree = "<group>"; };
		CDE47F5428426BCB005D8BB3 /* UIColor.swift */ = {isa = PBXFileReference; lastKnownFileType = sourcecode.swift; path = UIColor.swift; sourceTree = "<group>"; };
		CDE47F5628426E74005D8BB3 /* UIViewController.swift */ = {isa = PBXFileReference; lastKnownFileType = sourcecode.swift; path = UIViewController.swift; sourceTree = "<group>"; };
		CDE47F5928426FA7005D8BB3 /* BaseViewController.swift */ = {isa = PBXFileReference; lastKnownFileType = sourcecode.swift; path = BaseViewController.swift; sourceTree = "<group>"; };
		CDE47F5B28426FB8005D8BB3 /* BaseTabBarController.swift */ = {isa = PBXFileReference; lastKnownFileType = sourcecode.swift; path = BaseTabBarController.swift; sourceTree = "<group>"; };
		CDE47F5F28427062005D8BB3 /* LoginViewController.swift */ = {isa = PBXFileReference; lastKnownFileType = sourcecode.swift; path = LoginViewController.swift; sourceTree = "<group>"; };
		CDE47F6028427062005D8BB3 /* LoginViewController.xib */ = {isa = PBXFileReference; lastKnownFileType = file.xib; path = LoginViewController.xib; sourceTree = "<group>"; };
		CDE47F642842741E005D8BB3 /* HomeViewController.swift */ = {isa = PBXFileReference; lastKnownFileType = sourcecode.swift; path = HomeViewController.swift; sourceTree = "<group>"; };
		CDE47F652842741E005D8BB3 /* HomeViewController.xib */ = {isa = PBXFileReference; lastKnownFileType = file.xib; path = HomeViewController.xib; sourceTree = "<group>"; };
		CDE47F6B2842747D005D8BB3 /* AnalyzeViewController.swift */ = {isa = PBXFileReference; lastKnownFileType = sourcecode.swift; path = AnalyzeViewController.swift; sourceTree = "<group>"; };
		CDE47F6C2842747D005D8BB3 /* AnalyzeViewController.xib */ = {isa = PBXFileReference; lastKnownFileType = file.xib; path = AnalyzeViewController.xib; sourceTree = "<group>"; };
		CDE47F73284274B0005D8BB3 /* MypageViewController.swift */ = {isa = PBXFileReference; lastKnownFileType = sourcecode.swift; path = MypageViewController.swift; sourceTree = "<group>"; };
		CDE47F74284274B0005D8BB3 /* MypageViewController.xib */ = {isa = PBXFileReference; lastKnownFileType = file.xib; path = MypageViewController.xib; sourceTree = "<group>"; };
		CDEB0C38286B238900725D41 /* MealDetailInput.swift */ = {isa = PBXFileReference; lastKnownFileType = sourcecode.swift; path = MealDetailInput.swift; sourceTree = "<group>"; };
		CDEB0C3A286B239800725D41 /* MealDetailResponse.swift */ = {isa = PBXFileReference; lastKnownFileType = sourcecode.swift; path = MealDetailResponse.swift; sourceTree = "<group>"; };
		CDEB0C3C286B23A900725D41 /* MealDetailDataManager.swift */ = {isa = PBXFileReference; lastKnownFileType = sourcecode.swift; path = MealDetailDataManager.swift; sourceTree = "<group>"; };
		CDFF9AB5284A076900217725 /* HomeInput.swift */ = {isa = PBXFileReference; lastKnownFileType = sourcecode.swift; path = HomeInput.swift; sourceTree = "<group>"; };
		CDFF9AB7284A077900217725 /* HomeResponse.swift */ = {isa = PBXFileReference; lastKnownFileType = sourcecode.swift; path = HomeResponse.swift; sourceTree = "<group>"; };
		CDFF9AB9284A09AE00217725 /* HomeDataManager.swift */ = {isa = PBXFileReference; lastKnownFileType = sourcecode.swift; path = HomeDataManager.swift; sourceTree = "<group>"; };
		CDFF9ABB284A351F00217725 /* UITextField.swift */ = {isa = PBXFileReference; lastKnownFileType = sourcecode.swift; path = UITextField.swift; sourceTree = "<group>"; };
/* End PBXFileReference section */

/* Begin PBXFrameworksBuildPhase section */
		CDE47F2F28424B44005D8BB3 /* Frameworks */ = {
			isa = PBXFrameworksBuildPhase;
			buildActionMask = 2147483647;
			files = (
				0D756EB25E74CD8EDFE3A915 /* Pods_aeVeganDiary.framework in Frameworks */,
			);
			runOnlyForDeploymentPostprocessing = 0;
		};
/* End PBXFrameworksBuildPhase section */

/* Begin PBXGroup section */
		55906DB013A0609A324C636B /* Frameworks */ = {
			isa = PBXGroup;
			children = (
				5B2617724301A8FD6552BEAD /* Pods_aeVeganDiary.framework */,
			);
			name = Frameworks;
			sourceTree = "<group>";
		};
		8F13E94F2851FA3000F090C4 /* OnBoarding */ = {
			isa = PBXGroup;
			children = (
				CD0F0676286F22A80032D590 /* Entity */,
				CD0F0675286F22A10032D590 /* DataManager */,
				8F13E9502851FAB600F090C4 /* NicknameInitViewController.swift */,
				8F13E9512851FAB600F090C4 /* NicknameInitViewController.xib */,
				8F13E9542851FADF00F090C4 /* BodyInitViewController.swift */,
				8F13E9552851FADF00F090C4 /* BodyInitViewController.xib */,
			);
			path = OnBoarding;
			sourceTree = "<group>";
		};
		8F1A5F652868543C00B64409 /* Entity */ = {
			isa = PBXGroup;
			children = (
				8F1A5F662868544F00B64409 /* SearchResponse.swift */,
				8F1A5F792872BD4C00B64409 /* SearchInput.swift */,
			);
			path = Entity;
			sourceTree = "<group>";
		};
		8F1A5F68286855A100B64409 /* DataManager */ = {
			isa = PBXGroup;
			children = (
				8F1A5F692868563000B64409 /* SearchDataManager.swift */,
			);
			path = DataManager;
			sourceTree = "<group>";
		};
		8F1A5F6F28702B1A00B64409 /* Entity */ = {
			isa = PBXGroup;
			children = (
				8F1A5F772870493600B64409 /* MyInfoInput.swift */,
				8F1A5F7128702C0D00B64409 /* MyInfoResponse.swift */,
			);
			path = Entity;
			sourceTree = "<group>";
		};
		8F1A5F7028702B9400B64409 /* DataManager */ = {
			isa = PBXGroup;
			children = (
				8F1A5F7328702CB200B64409 /* MyInfoDataManager.swift */,
				8F1A5F7528703BD700B64409 /* MyInfoDataManager2.swift */,
			);
			path = DataManager;
			sourceTree = "<group>";
		};
		8F1A5F7F287C0DC800B64409 /* CookRecomm */ = {
			isa = PBXGroup;
			children = (
				8F1A5F93289251E700B64409 /* Entity */,
				8F1A5F92289251DC00B64409 /* DataManager */,
				8F1A5F85287C2BBE00B64409 /* Cell */,
				8F1A5F80287C0E0A00B64409 /* CookRecommViewController.swift */,
				8F1A5F81287C0E0A00B64409 /* CookRecommViewController.xib */,
			);
			path = CookRecomm;
			sourceTree = "<group>";
		};
		8F1A5F85287C2BBE00B64409 /* Cell */ = {
			isa = PBXGroup;
			children = (
				8F1A5FAE28990A7300B64409 /* RecommInnerView.xib */,
				8F1A5F86287C2BDE00B64409 /* CookRecommTableViewCell.swift */,
				8F1A5F87287C2BDE00B64409 /* CookRecommTableViewCell.xib */,
				8F1A5F9E2897609200B64409 /* ingreTableViewCell.swift */,
				8F1A5F9F2897609200B64409 /* ingreTableViewCell.xib */,
				8F1A5FA22898F68900B64409 /* hasTableViewCell.swift */,
				8F1A5FA32898F68900B64409 /* hasTableViewCell.xib */,
				8F1A5FA62898F69500B64409 /* noTableViewCell.swift */,
				8F1A5FA72898F69500B64409 /* noTableViewCell.xib */,
			);
			path = Cell;
			sourceTree = "<group>";
		};
		8F1A5F92289251DC00B64409 /* DataManager */ = {
			isa = PBXGroup;
			children = (
				8F1A5F962892522E00B64409 /* IngreDataManager.swift */,
				8F1A5F9A2893E3D900B64409 /* CookRecommDataManager.swift */,
			);
			path = DataManager;
			sourceTree = "<group>";
		};
		8F1A5F93289251E700B64409 /* Entity */ = {
			isa = PBXGroup;
			children = (
				8F1A5F942892520F00B64409 /* IngreResponse.swift */,
				8F1A5F982893E21400B64409 /* CookRecommResponse.swift */,
				8F1A5F9C2893E63300B64409 /* IngreInput.swift */,
			);
			path = Entity;
			sourceTree = "<group>";
		};
		8FA5F31B284A29B300ED3B66 /* Search */ = {
			isa = PBXGroup;
			children = (
				8F1A5F68286855A100B64409 /* DataManager */,
				8F1A5F652868543C00B64409 /* Entity */,
				8FD58B6E284DBFBF00B7BDAD /* Cell */,
				8FA5F31C284A29DC00ED3B66 /* SearchViewController.swift */,
				8FA5F31D284A29DC00ED3B66 /* SearchViewController.xib */,
			);
			path = Search;
			sourceTree = "<group>";
		};
		8FD47FCF28A398CB002D2B82 /* RestaurantSearch */ = {
			isa = PBXGroup;
			children = (
				8FD47FDA28A39ACB002D2B82 /* DataManager */,
				8FD47FD928A39ABE002D2B82 /* Entity */,
				8FD47FD428A39A45002D2B82 /* cell */,
				8FD47FE328A3A206002D2B82 /* LargeCategoryViewController.swift */,
				8FD47FE428A3A206002D2B82 /* LargeCategoryViewController.xib */,
				8FD47FF928A63282002D2B82 /* RestaurantSearchViewController.swift */,
				8FD47FFA28A63282002D2B82 /* RestaurantSearchViewController.xib */,
			);
			path = RestaurantSearch;
			sourceTree = "<group>";
		};
		8FD47FD428A39A45002D2B82 /* cell */ = {
			isa = PBXGroup;
			children = (
				8FD47FD528A39A5E002D2B82 /* LargeCategoryTableViewCell.swift */,
				8FD47FD628A39A5E002D2B82 /* LargeCategoryTableViewCell.xib */,
				8FD47FDF28A3A16C002D2B82 /* MiddleCategoryTableViewCell.swift */,
				8FD47FE028A3A16C002D2B82 /* MiddleCategoryTableViewCell.xib */,
				8FD47FFD28A6437C002D2B82 /* RestaurantSearchTableViewCell.swift */,
				8FD47FFE28A6437C002D2B82 /* RestaurantSearchTableViewCell.xib */,
			);
			path = cell;
			sourceTree = "<group>";
		};
		8FD47FD928A39ABE002D2B82 /* Entity */ = {
			isa = PBXGroup;
			children = (
				8FD47FEF28A3E655002D2B82 /* RegionInput.swift */,
				8FD47FF128A3E7B4002D2B82 /* RegionResponse.swift */,
				8FD47FF528A62D64002D2B82 /* RestaurantSearchInput.swift */,
				8FD47FF728A62D7C002D2B82 /* RestaurantSearchResponse.swift */,
				8F086E8528BCAFE80083958B /* SearchBookmarkInput.swift */,
				8F086E8728BCAFF60083958B /* SearchBookmarkResponse.swift */,
			);
			path = Entity;
			sourceTree = "<group>";
		};
		8FD47FDA28A39ACB002D2B82 /* DataManager */ = {
			isa = PBXGroup;
			children = (
				8FD47FED28A3E57D002D2B82 /* RegionCategoryDataManager.swift */,
				8FD47FF328A62D44002D2B82 /* RestaurantSearchDataManager.swift */,
				8F086E8328BCA05A0083958B /* SearchBookmarkDataManager.swift */,
			);
			path = DataManager;
			sourceTree = "<group>";
		};
		8FD58B6E284DBFBF00B7BDAD /* Cell */ = {
			isa = PBXGroup;
			children = (
				8FD58B71284DC19C00B7BDAD /* SearchTableViewCell.swift */,
				8FD58B72284DC19C00B7BDAD /* SearchTableViewCell.xib */,
			);
			path = Cell;
			sourceTree = "<group>";
		};
		8FD58B75284DFBA000B7BDAD /* FoodDetail */ = {
			isa = PBXGroup;
			children = (
				CDEB0C36286B235E00725D41 /* Entity */,
				CDEB0C37286B236500725D41 /* DataManager */,
				8F13E9492850AEB300F090C4 /* MealDetailViewController.swift */,
				8F13E94A2850AEB300F090C4 /* MealDetailViewController.xib */,
			);
			path = FoodDetail;
			sourceTree = "<group>";
		};
		CD00F67F286DDB3200F8A8C0 /* Entity */ = {
			isa = PBXGroup;
			children = (
				CD00F681286DDB8C00F8A8C0 /* AnalyzeResponse.swift */,
			);
			path = Entity;
			sourceTree = "<group>";
		};
		CD00F680286DDB3A00F8A8C0 /* DataManager */ = {
			isa = PBXGroup;
			children = (
				CD00F683286DDB9800F8A8C0 /* AnalyzeDataManager.swift */,
			);
			path = DataManager;
			sourceTree = "<group>";
		};
		CD00F685286DDFD400F8A8C0 /* Entity */ = {
			isa = PBXGroup;
			children = (
				CD00F686286DE0BC00F8A8C0 /* LoginInput.swift */,
				CD00F688286DE0C500F8A8C0 /* LoginResponse.swift */,
			);
			path = Entity;
			sourceTree = "<group>";
		};
		CD00F68A286DE0C800F8A8C0 /* LoginDataManager */ = {
			isa = PBXGroup;
			children = (
				CD00F68B286DE13000F8A8C0 /* LoginDataManager.swift */,
			);
			path = LoginDataManager;
			sourceTree = "<group>";
		};
		CD0F0675286F22A10032D590 /* DataManager */ = {
			isa = PBXGroup;
			children = (
				CD0F067B286F236F0032D590 /* SignupDataManager.swift */,
			);
			path = DataManager;
			sourceTree = "<group>";
		};
		CD0F0676286F22A80032D590 /* Entity */ = {
			isa = PBXGroup;
			children = (
				CD0F0677286F22ED0032D590 /* SignupInput.swift */,
				CD0F0679286F23020032D590 /* SignupResponse.swift */,
			);
			path = Entity;
			sourceTree = "<group>";
		};
		CD2A29A228A3BB5A00A271A6 /* Map */ = {
			isa = PBXGroup;
			children = (
				CD4FE96828939AD400D2F2E6 /* Entity */,
				CDD6B0FE28927BF800E6473D /* DataManager */,
				CD6A455F288E790D004B8B91 /* MapViewController.swift */,
				CD6A4560288E790D004B8B91 /* MapViewController.xib */,
			);
			path = Map;
			sourceTree = "<group>";
		};
		CD2EFDA02843BC4B005D06A9 /* Cells */ = {
			isa = PBXGroup;
			children = (
				CD7F381F2844678700D15356 /* TabCollectionViewCell.swift */,
				CD7F38202844678700D15356 /* TabCollectionViewCell.xib */,
				CD7F38172844668C00D15356 /* RegisterCollectionViewCell.swift */,
				CD7F38182844668C00D15356 /* RegisterCollectionViewCell.xib */,
				CD636D20284B346700ED137E /* MealCollectionViewCell.swift */,
				CD636D21284B346700ED137E /* MealCollectionViewCell.xib */,
				CDBBF2A4284B87CC003F5EEA /* MealTableViewCell.swift */,
				CDBBF2A5284B87CC003F5EEA /* MealTableViewCell.xib */,
				CD6A455A288E7859004B8B91 /* EventTableViewCell.swift */,
				CD6A455B288E7859004B8B91 /* EventTableViewCell.xib */,
			);
			path = Cells;
			sourceTree = "<group>";
		};
		CD4FE96828939AD400D2F2E6 /* Entity */ = {
			isa = PBXGroup;
			children = (
				CD4FE96B28939AF400D2F2E6 /* MapResponse.swift */,
				CD29AD93289ACF42001C8C51 /* BookmarkInput.swift */,
				CD29AD95289ACF4A001C8C51 /* BookmarkResponse.swift */,
			);
			path = Entity;
			sourceTree = "<group>";
		};
		CD6A455E288E78D9004B8B91 /* Restaurant */ = {
			isa = PBXGroup;
			children = (
				CD2A29A228A3BB5A00A271A6 /* Map */,
				CD2A29A328A3BC7A00A271A6 /* RestaurantViewController.swift */,
			);
			path = Restaurant;
			sourceTree = "<group>";
		};
		CD7F38232844AE3600D15356 /* FoodRegister */ = {
			isa = PBXGroup;
			children = (
				CDC61201284A4FD20041F5C7 /* Entity */,
				CDC61206284A50390041F5C7 /* DataManager */,
				CD7F38242844AE9800D15356 /* FoodRegisterViewController.swift */,
				CD7F38252844AE9800D15356 /* FoodRegisterViewController.xib */,
			);
			path = FoodRegister;
			sourceTree = "<group>";
		};
		CD7F38282844D62600D15356 /* SelectType */ = {
			isa = PBXGroup;
			children = (
				CDE2488C28475C2F00FE35E3 /* SelectTypeViewController.swift */,
				CDE2488D28475C2F00FE35E3 /* SelectTypeViewController.xib */,
			);
			path = SelectType;
			sourceTree = "<group>";
		};
		CDC61201284A4FD20041F5C7 /* Entity */ = {
			isa = PBXGroup;
			children = (
				CDC61202284A50120041F5C7 /* RegisterInput.swift */,
				CDC61204284A50190041F5C7 /* RegisterResponse.swift */,
				8F1A5F8E288E63C900B64409 /* FoodDetailResponse.swift */,
				CD54F1B7289B87D600009EC1 /* FoodPredictResponse.swift */,
			);
			path = Entity;
			sourceTree = "<group>";
		};
		CDC61206284A50390041F5C7 /* DataManager */ = {
			isa = PBXGroup;
			children = (
				CDC61207284A50480041F5C7 /* RegisterDataManager.swift */,
				8F1A5F90288E63D600B64409 /* FoodDetailDataManager.swift */,
				CD54F1B9289B887E00009EC1 /* FoodPredictDataManager.swift */,
			);
			path = DataManager;
			sourceTree = "<group>";
		};
		CDD6B0FE28927BF800E6473D /* DataManager */ = {
			isa = PBXGroup;
			children = (
				CDD6B0FF28927C1700E6473D /* Geocoding.swift */,
				CD4FE96D28939B5400D2F2E6 /* MapDataManager.swift */,
				CD29AD97289ACF75001C8C51 /* BookmarkDataManager.swift */,
			);
			path = DataManager;
			sourceTree = "<group>";
		};
		CDDFF9852865EC1B00303501 /* NutrientDetail */ = {
			isa = PBXGroup;
			children = (
				CDDFF9862865EC5800303501 /* NutrientDetailViewController.swift */,
				CDDFF9872865EC5800303501 /* NutrientDetailViewController.xib */,
			);
			path = NutrientDetail;
			sourceTree = "<group>";
		};
		CDE47F2928424B44005D8BB3 = {
			isa = PBXGroup;
			children = (
				CDE47F3428424B44005D8BB3 /* aeVeganDiary */,
				CDE47F3328424B44005D8BB3 /* Products */,
				F1680EF3741D64B34F0B2D5F /* Pods */,
				55906DB013A0609A324C636B /* Frameworks */,
			);
			sourceTree = "<group>";
		};
		CDE47F3328424B44005D8BB3 /* Products */ = {
			isa = PBXGroup;
			children = (
				CDE47F3228424B44005D8BB3 /* aeVeganDiary.app */,
			);
			name = Products;
			sourceTree = "<group>";
		};
		CDE47F3428424B44005D8BB3 /* aeVeganDiary */ = {
			isa = PBXGroup;
			children = (
				CDE47F4C28426B65005D8BB3 /* Configuration */,
				CDE47F4D28426B71005D8BB3 /* Sources */,
				CDE47F3528424B44005D8BB3 /* AppDelegate.swift */,
				CDE47F3728424B44005D8BB3 /* SceneDelegate.swift */,
				CDE47F4128424B45005D8BB3 /* Assets.xcassets */,
				CDE47F4328424B45005D8BB3 /* LaunchScreen.storyboard */,
				CDE47F4628424B45005D8BB3 /* Info.plist */,
				CDE47F3E28424B44005D8BB3 /* aeVeganDiary.xcdatamodeld */,
			);
			path = aeVeganDiary;
			sourceTree = "<group>";
		};
		CDE47F4C28426B65005D8BB3 /* Configuration */ = {
			isa = PBXGroup;
			children = (
				CDE47F4E28426B86005D8BB3 /* Constant.swift */,
				CDE47F5328426BC1005D8BB3 /* Extensions */,
				CDE47F5028426B9C005D8BB3 /* Commonclass */,
				CDE47F5828426F8C005D8BB3 /* Base */,
			);
			path = Configuration;
			sourceTree = "<group>";
		};
		CDE47F4D28426B71005D8BB3 /* Sources */ = {
			isa = PBXGroup;
			children = (
				8FD47FCF28A398CB002D2B82 /* RestaurantSearch */,
				CDE47F5D28426FFB005D8BB3 /* Splash */,
				CDE47F6328427409005D8BB3 /* Home */,
				CD7F38282844D62600D15356 /* SelectType */,
				CD7F38232844AE3600D15356 /* FoodRegister */,
				CDDFF9852865EC1B00303501 /* NutrientDetail */,
				CD6A455E288E78D9004B8B91 /* Restaurant */,
				8FA5F31B284A29B300ED3B66 /* Search */,
				CDE47F6828427442005D8BB3 /* Analyze */,
				8FD58B75284DFBA000B7BDAD /* FoodDetail */,
				8F1A5F7F287C0DC800B64409 /* CookRecomm */,
				CDE47F6928427451005D8BB3 /* Mypage */,
			);
			path = Sources;
			sourceTree = "<group>";
		};
		CDE47F5028426B9C005D8BB3 /* Commonclass */ = {
			isa = PBXGroup;
			children = (
				CDE47F5128426BAD005D8BB3 /* IndicatorView.swift */,
			);
			path = Commonclass;
			sourceTree = "<group>";
		};
		CDE47F5328426BC1005D8BB3 /* Extensions */ = {
			isa = PBXGroup;
			children = (
				CDE47F5428426BCB005D8BB3 /* UIColor.swift */,
				CDE47F5628426E74005D8BB3 /* UIViewController.swift */,
				CDA125DF2843A0C500ECBED6 /* UIView.swift */,
				CDFF9ABB284A351F00217725 /* UITextField.swift */,
				CD00F67D286D77D700F8A8C0 /* UIImageView.swift */,
			);
			path = Extensions;
			sourceTree = "<group>";
		};
		CDE47F5828426F8C005D8BB3 /* Base */ = {
			isa = PBXGroup;
			children = (
				CDE47F5928426FA7005D8BB3 /* BaseViewController.swift */,
				CDE47F5B28426FB8005D8BB3 /* BaseTabBarController.swift */,
			);
			path = Base;
			sourceTree = "<group>";
		};
		CDE47F5D28426FFB005D8BB3 /* Splash */ = {
			isa = PBXGroup;
			children = (
				CDE47F5E28427021005D8BB3 /* Login */,
				8F13E94F2851FA3000F090C4 /* OnBoarding */,
			);
			path = Splash;
			sourceTree = "<group>";
		};
		CDE47F5E28427021005D8BB3 /* Login */ = {
			isa = PBXGroup;
			children = (
				CD00F685286DDFD400F8A8C0 /* Entity */,
				CD00F68A286DE0C800F8A8C0 /* LoginDataManager */,
				CDE47F5F28427062005D8BB3 /* LoginViewController.swift */,
				CDE47F6028427062005D8BB3 /* LoginViewController.xib */,
			);
			path = Login;
			sourceTree = "<group>";
		};
		CDE47F6328427409005D8BB3 /* Home */ = {
			isa = PBXGroup;
			children = (
				CDFF9AB3284A074600217725 /* Entity */,
				CDFF9AB4284A075100217725 /* DataManager */,
				CD2EFDA02843BC4B005D06A9 /* Cells */,
				CDE47F642842741E005D8BB3 /* HomeViewController.swift */,
				CDE47F652842741E005D8BB3 /* HomeViewController.xib */,
				CD3E930D284DED9D0057E24F /* ArcProgressView.swift */,
			);
			path = Home;
			sourceTree = "<group>";
		};
		CDE47F6828427442005D8BB3 /* Analyze */ = {
			isa = PBXGroup;
			children = (
				CD00F67F286DDB3200F8A8C0 /* Entity */,
				CD00F680286DDB3A00F8A8C0 /* DataManager */,
				CDE47F6B2842747D005D8BB3 /* AnalyzeViewController.swift */,
				CDE47F6C2842747D005D8BB3 /* AnalyzeViewController.xib */,
			);
			path = Analyze;
			sourceTree = "<group>";
		};
		CDE47F6928427451005D8BB3 /* Mypage */ = {
			isa = PBXGroup;
			children = (
				8F1A5F7028702B9400B64409 /* DataManager */,
				8F1A5F6F28702B1A00B64409 /* Entity */,
				CDE47F73284274B0005D8BB3 /* MypageViewController.swift */,
				CDE47F74284274B0005D8BB3 /* MypageViewController.xib */,
				8F1A5F6B286D7A1D00B64409 /* MyInfoViewController.swift */,
				8F1A5F6C286D7A1D00B64409 /* MyInfoViewController.xib */,
			);
			path = Mypage;
			sourceTree = "<group>";
		};
		CDEB0C36286B235E00725D41 /* Entity */ = {
			isa = PBXGroup;
			children = (
				CDEB0C38286B238900725D41 /* MealDetailInput.swift */,
				CDEB0C3A286B239800725D41 /* MealDetailResponse.swift */,
			);
			path = Entity;
			sourceTree = "<group>";
		};
		CDEB0C37286B236500725D41 /* DataManager */ = {
			isa = PBXGroup;
			children = (
				CDEB0C3C286B23A900725D41 /* MealDetailDataManager.swift */,
			);
			path = DataManager;
			sourceTree = "<group>";
		};
		CDFF9AB3284A074600217725 /* Entity */ = {
			isa = PBXGroup;
			children = (
				CDFF9AB5284A076900217725 /* HomeInput.swift */,
				CDFF9AB7284A077900217725 /* HomeResponse.swift */,
			);
			path = Entity;
			sourceTree = "<group>";
		};
		CDFF9AB4284A075100217725 /* DataManager */ = {
			isa = PBXGroup;
			children = (
				CDFF9AB9284A09AE00217725 /* HomeDataManager.swift */,
			);
			path = DataManager;
			sourceTree = "<group>";
		};
		F1680EF3741D64B34F0B2D5F /* Pods */ = {
			isa = PBXGroup;
			children = (
				AF81E3FBAC7CA22BB643B288 /* Pods-aeVeganDiary.debug.xcconfig */,
				C631CBED21040A7912D91EEA /* Pods-aeVeganDiary.release.xcconfig */,
			);
			path = Pods;
			sourceTree = "<group>";
		};
/* End PBXGroup section */

/* Begin PBXNativeTarget section */
		CDE47F3128424B44005D8BB3 /* aeVeganDiary */ = {
			isa = PBXNativeTarget;
			buildConfigurationList = CDE47F4928424B45005D8BB3 /* Build configuration list for PBXNativeTarget "aeVeganDiary" */;
			buildPhases = (
				F129A068DC6A22EB2FEE0B69 /* [CP] Check Pods Manifest.lock */,
				CDE47F2E28424B44005D8BB3 /* Sources */,
				CDE47F2F28424B44005D8BB3 /* Frameworks */,
				CDE47F3028424B44005D8BB3 /* Resources */,
				BD93CADB39706A7CF55BF007 /* [CP] Embed Pods Frameworks */,
				9ABE9C9751293DA3AB79F741 /* [CP] Copy Pods Resources */,
			);
			buildRules = (
			);
			dependencies = (
			);
			name = aeVeganDiary;
			productName = aeVeganDiary;
			productReference = CDE47F3228424B44005D8BB3 /* aeVeganDiary.app */;
			productType = "com.apple.product-type.application";
		};
/* End PBXNativeTarget section */

/* Begin PBXProject section */
		CDE47F2A28424B44005D8BB3 /* Project object */ = {
			isa = PBXProject;
			attributes = {
				BuildIndependentTargetsInParallel = 1;
				LastSwiftUpdateCheck = 1340;
				LastUpgradeCheck = 1340;
				TargetAttributes = {
					CDE47F3128424B44005D8BB3 = {
						CreatedOnToolsVersion = 13.4;
					};
				};
			};
			buildConfigurationList = CDE47F2D28424B44005D8BB3 /* Build configuration list for PBXProject "aeVeganDiary" */;
			compatibilityVersion = "Xcode 13.0";
			developmentRegion = en;
			hasScannedForEncodings = 0;
			knownRegions = (
				en,
				Base,
			);
			mainGroup = CDE47F2928424B44005D8BB3;
			productRefGroup = CDE47F3328424B44005D8BB3 /* Products */;
			projectDirPath = "";
			projectRoot = "";
			targets = (
				CDE47F3128424B44005D8BB3 /* aeVeganDiary */,
			);
		};
/* End PBXProject section */

/* Begin PBXResourcesBuildPhase section */
		CDE47F3028424B44005D8BB3 /* Resources */ = {
			isa = PBXResourcesBuildPhase;
			buildActionMask = 2147483647;
			files = (
				CD6A455D288E7859004B8B91 /* EventTableViewCell.xib in Resources */,
				8F1A5F6E286D7A1D00B64409 /* MyInfoViewController.xib in Resources */,
				CD636D23284B346700ED137E /* MealCollectionViewCell.xib in Resources */,
				8F13E94C2850AEB300F090C4 /* MealDetailViewController.xib in Resources */,
				8F13E9572851FADF00F090C4 /* BodyInitViewController.xib in Resources */,
				CDE2488F28475C2F00FE35E3 /* SelectTypeViewController.xib in Resources */,
				CDDFF9892865EC5800303501 /* NutrientDetailViewController.xib in Resources */,
				CDE47F76284274B0005D8BB3 /* MypageViewController.xib in Resources */,
				8FD47FD828A39A5E002D2B82 /* LargeCategoryTableViewCell.xib in Resources */,
				CDBBF2A7284B87CC003F5EEA /* MealTableViewCell.xib in Resources */,
				CD7F381A2844668C00D15356 /* RegisterCollectionViewCell.xib in Resources */,
				8F13E9532851FAB600F090C4 /* NicknameInitViewController.xib in Resources */,
				8FD47FFC28A63282002D2B82 /* RestaurantSearchViewController.xib in Resources */,
				8F1A5FA92898F69500B64409 /* noTableViewCell.xib in Resources */,
				CD7F38272844AE9800D15356 /* FoodRegisterViewController.xib in Resources */,
				8FD47FE228A3A16C002D2B82 /* MiddleCategoryTableViewCell.xib in Resources */,
				8FD58B74284DC19C00B7BDAD /* SearchTableViewCell.xib in Resources */,
				8F1A5FA52898F68900B64409 /* hasTableViewCell.xib in Resources */,
				CD7F38222844678700D15356 /* TabCollectionViewCell.xib in Resources */,
				8FD47FE628A3A206002D2B82 /* LargeCategoryViewController.xib in Resources */,
				CD6A4562288E790D004B8B91 /* MapViewController.xib in Resources */,
				CDE47F4528424B45005D8BB3 /* LaunchScreen.storyboard in Resources */,
				CDE47F6E2842747D005D8BB3 /* AnalyzeViewController.xib in Resources */,
				8F1A5FA12897609200B64409 /* ingreTableViewCell.xib in Resources */,
				8F1A5F83287C0E0A00B64409 /* CookRecommViewController.xib in Resources */,
				CDE47F4228424B45005D8BB3 /* Assets.xcassets in Resources */,
				CDE47F6228427062005D8BB3 /* LoginViewController.xib in Resources */,
				8FA5F31F284A29DC00ED3B66 /* SearchViewController.xib in Resources */,
				8FD4800028A6437C002D2B82 /* RestaurantSearchTableViewCell.xib in Resources */,
				CDE47F672842741E005D8BB3 /* HomeViewController.xib in Resources */,
				8F1A5FAF28990A7300B64409 /* RecommInnerView.xib in Resources */,
				8F1A5F89287C2BDE00B64409 /* CookRecommTableViewCell.xib in Resources */,
			);
			runOnlyForDeploymentPostprocessing = 0;
		};
/* End PBXResourcesBuildPhase section */

/* Begin PBXShellScriptBuildPhase section */
		9ABE9C9751293DA3AB79F741 /* [CP] Copy Pods Resources */ = {
			isa = PBXShellScriptBuildPhase;
			buildActionMask = 2147483647;
			files = (
			);
			inputFileListPaths = (
				"${PODS_ROOT}/Target Support Files/Pods-aeVeganDiary/Pods-aeVeganDiary-resources-${CONFIGURATION}-input-files.xcfilelist",
			);
			name = "[CP] Copy Pods Resources";
			outputFileListPaths = (
				"${PODS_ROOT}/Target Support Files/Pods-aeVeganDiary/Pods-aeVeganDiary-resources-${CONFIGURATION}-output-files.xcfilelist",
			);
			runOnlyForDeploymentPostprocessing = 0;
			shellPath = /bin/sh;
			shellScript = "\"${PODS_ROOT}/Target Support Files/Pods-aeVeganDiary/Pods-aeVeganDiary-resources.sh\"\n";
			showEnvVarsInLog = 0;
		};
		BD93CADB39706A7CF55BF007 /* [CP] Embed Pods Frameworks */ = {
			isa = PBXShellScriptBuildPhase;
			buildActionMask = 2147483647;
			files = (
			);
			inputFileListPaths = (
				"${PODS_ROOT}/Target Support Files/Pods-aeVeganDiary/Pods-aeVeganDiary-frameworks-${CONFIGURATION}-input-files.xcfilelist",
			);
			name = "[CP] Embed Pods Frameworks";
			outputFileListPaths = (
				"${PODS_ROOT}/Target Support Files/Pods-aeVeganDiary/Pods-aeVeganDiary-frameworks-${CONFIGURATION}-output-files.xcfilelist",
			);
			runOnlyForDeploymentPostprocessing = 0;
			shellPath = /bin/sh;
			shellScript = "\"${PODS_ROOT}/Target Support Files/Pods-aeVeganDiary/Pods-aeVeganDiary-frameworks.sh\"\n";
			showEnvVarsInLog = 0;
		};
		F129A068DC6A22EB2FEE0B69 /* [CP] Check Pods Manifest.lock */ = {
			isa = PBXShellScriptBuildPhase;
			buildActionMask = 2147483647;
			files = (
			);
			inputFileListPaths = (
			);
			inputPaths = (
				"${PODS_PODFILE_DIR_PATH}/Podfile.lock",
				"${PODS_ROOT}/Manifest.lock",
			);
			name = "[CP] Check Pods Manifest.lock";
			outputFileListPaths = (
			);
			outputPaths = (
				"$(DERIVED_FILE_DIR)/Pods-aeVeganDiary-checkManifestLockResult.txt",
			);
			runOnlyForDeploymentPostprocessing = 0;
			shellPath = /bin/sh;
			shellScript = "diff \"${PODS_PODFILE_DIR_PATH}/Podfile.lock\" \"${PODS_ROOT}/Manifest.lock\" > /dev/null\nif [ $? != 0 ] ; then\n    # print error to STDERR\n    echo \"error: The sandbox is not in sync with the Podfile.lock. Run 'pod install' or update your CocoaPods installation.\" >&2\n    exit 1\nfi\n# This output is used by Xcode 'outputs' to avoid re-running this script phase.\necho \"SUCCESS\" > \"${SCRIPT_OUTPUT_FILE_0}\"\n";
			showEnvVarsInLog = 0;
		};
/* End PBXShellScriptBuildPhase section */

/* Begin PBXSourcesBuildPhase section */
		CDE47F2E28424B44005D8BB3 /* Sources */ = {
			isa = PBXSourcesBuildPhase;
			buildActionMask = 2147483647;
			files = (
				CDE47F5728426E74005D8BB3 /* UIViewController.swift in Sources */,
				CDE47F4028424B44005D8BB3 /* aeVeganDiary.xcdatamodeld in Sources */,
				CD6A4561288E790D004B8B91 /* MapViewController.swift in Sources */,
				8F1A5FA02897609200B64409 /* ingreTableViewCell.swift in Sources */,
				CDEB0C3B286B239800725D41 /* MealDetailResponse.swift in Sources */,
				CD00F68C286DE13000F8A8C0 /* LoginDataManager.swift in Sources */,
				CD7F38212844678700D15356 /* TabCollectionViewCell.swift in Sources */,
				CDE47F5C28426FB8005D8BB3 /* BaseTabBarController.swift in Sources */,
				CDFF9ABC284A351F00217725 /* UITextField.swift in Sources */,
				CD2A29A428A3BC7A00A271A6 /* RestaurantViewController.swift in Sources */,
				8FD47FEE28A3E57D002D2B82 /* RegionCategoryDataManager.swift in Sources */,
				8F1A5F7A2872BD4C00B64409 /* SearchInput.swift in Sources */,
				CDE47F5528426BCB005D8BB3 /* UIColor.swift in Sources */,
				CDFF9AB6284A076900217725 /* HomeInput.swift in Sources */,
				8FD47FF828A62D7C002D2B82 /* RestaurantSearchResponse.swift in Sources */,
				8F13E9562851FADF00F090C4 /* BodyInitViewController.swift in Sources */,
				8F1A5F91288E63D600B64409 /* FoodDetailDataManager.swift in Sources */,
				CD3E930E284DED9D0057E24F /* ArcProgressView.swift in Sources */,
				8FD47FF028A3E655002D2B82 /* RegionInput.swift in Sources */,
				CDC61205284A50190041F5C7 /* RegisterResponse.swift in Sources */,
				8F1A5F6A2868563000B64409 /* SearchDataManager.swift in Sources */,
				8FA5F31E284A29DC00ED3B66 /* SearchViewController.swift in Sources */,
				8FD58B73284DC19C00B7BDAD /* SearchTableViewCell.swift in Sources */,
				CDD6B10028927C1700E6473D /* Geocoding.swift in Sources */,
				CD00F684286DDB9800F8A8C0 /* AnalyzeDataManager.swift in Sources */,
				8F1A5F952892520F00B64409 /* IngreResponse.swift in Sources */,
				8FD47FD728A39A5E002D2B82 /* LargeCategoryTableViewCell.swift in Sources */,
				CDEB0C39286B238900725D41 /* MealDetailInput.swift in Sources */,
				CD0F0678286F22ED0032D590 /* SignupInput.swift in Sources */,
				CDE47F3628424B44005D8BB3 /* AppDelegate.swift in Sources */,
				CD29AD94289ACF42001C8C51 /* BookmarkInput.swift in Sources */,
				8FD47FF228A3E7B4002D2B82 /* RegionResponse.swift in Sources */,
				8F1A5F7228702C0D00B64409 /* MyInfoResponse.swift in Sources */,
				8F1A5F992893E21400B64409 /* CookRecommResponse.swift in Sources */,
				CD00F687286DE0BC00F8A8C0 /* LoginInput.swift in Sources */,
				8F1A5F972892522E00B64409 /* IngreDataManager.swift in Sources */,
				CDDFF9882865EC5800303501 /* NutrientDetailViewController.swift in Sources */,
				8F1A5F82287C0E0A00B64409 /* CookRecommViewController.swift in Sources */,
				CD0F067A286F23020032D590 /* SignupResponse.swift in Sources */,
				8F1A5FA42898F68900B64409 /* hasTableViewCell.swift in Sources */,
				8F086E8628BCAFE80083958B /* SearchBookmarkInput.swift in Sources */,
				CDC61208284A50480041F5C7 /* RegisterDataManager.swift in Sources */,
				8FD47FE128A3A16C002D2B82 /* MiddleCategoryTableViewCell.swift in Sources */,
				CD4FE96C28939AF400D2F2E6 /* MapResponse.swift in Sources */,
				CD29AD96289ACF4A001C8C51 /* BookmarkResponse.swift in Sources */,
				CDC61203284A50120041F5C7 /* RegisterInput.swift in Sources */,
				8F086E8828BCAFF60083958B /* SearchBookmarkResponse.swift in Sources */,
				8FD47FFF28A6437C002D2B82 /* RestaurantSearchTableViewCell.swift in Sources */,
				8F1A5F8F288E63C900B64409 /* FoodDetailResponse.swift in Sources */,
				CD29AD98289ACF75001C8C51 /* BookmarkDataManager.swift in Sources */,
				8FD47FF628A62D64002D2B82 /* RestaurantSearchInput.swift in Sources */,
				CD54F1B8289B87D600009EC1 /* FoodPredictResponse.swift in Sources */,
				8FD47FF428A62D44002D2B82 /* RestaurantSearchDataManager.swift in Sources */,
				8F1A5F9D2893E63300B64409 /* IngreInput.swift in Sources */,
				8F1A5F7628703BD700B64409 /* MyInfoDataManager2.swift in Sources */,
				8F13E94B2850AEB300F090C4 /* MealDetailViewController.swift in Sources */,
				CDE47F6D2842747D005D8BB3 /* AnalyzeViewController.swift in Sources */,
				CDFF9ABA284A09AE00217725 /* HomeDataManager.swift in Sources */,
				CDE47F3828424B44005D8BB3 /* SceneDelegate.swift in Sources */,
				8FD47FFB28A63282002D2B82 /* RestaurantSearchViewController.swift in Sources */,
				CD4FE96E28939B5400D2F2E6 /* MapDataManager.swift in Sources */,
				CD0F067C286F236F0032D590 /* SignupDataManager.swift in Sources */,
				CDE47F5A28426FA7005D8BB3 /* BaseViewController.swift in Sources */,
				CD00F682286DDB8D00F8A8C0 /* AnalyzeResponse.swift in Sources */,
				CDE47F75284274B0005D8BB3 /* MypageViewController.swift in Sources */,
				CD00F67E286D77D700F8A8C0 /* UIImageView.swift in Sources */,
				8F086E8428BCA05A0083958B /* SearchBookmarkDataManager.swift in Sources */,
				CD54F1BA289B887E00009EC1 /* FoodPredictDataManager.swift in Sources */,
				CDFF9AB8284A077900217725 /* HomeResponse.swift in Sources */,
				CDBBF2A6284B87CC003F5EEA /* MealTableViewCell.swift in Sources */,
				CD00F689286DE0C500F8A8C0 /* LoginResponse.swift in Sources */,
				8F1A5F6D286D7A1D00B64409 /* MyInfoViewController.swift in Sources */,
				CDA125E02843A0C500ECBED6 /* UIView.swift in Sources */,
				CDE47F662842741E005D8BB3 /* HomeViewController.swift in Sources */,
				8F13E9522851FAB600F090C4 /* NicknameInitViewController.swift in Sources */,
				8F1A5FA82898F69500B64409 /* noTableViewCell.swift in Sources */,
				8F1A5F782870493600B64409 /* MyInfoInput.swift in Sources */,
				CD6A455C288E7859004B8B91 /* EventTableViewCell.swift in Sources */,
				CD636D22284B346700ED137E /* MealCollectionViewCell.swift in Sources */,
				8FD47FE528A3A206002D2B82 /* LargeCategoryViewController.swift in Sources */,
				CDE47F4F28426B86005D8BB3 /* Constant.swift in Sources */,
				8F1A5F9B2893E3D900B64409 /* CookRecommDataManager.swift in Sources */,
				CD7F38192844668C00D15356 /* RegisterCollectionViewCell.swift in Sources */,
				CDE47F6128427062005D8BB3 /* LoginViewController.swift in Sources */,
				CD7F38262844AE9800D15356 /* FoodRegisterViewController.swift in Sources */,
				CDEB0C3D286B23A900725D41 /* MealDetailDataManager.swift in Sources */,
				8F1A5F88287C2BDE00B64409 /* CookRecommTableViewCell.swift in Sources */,
				8F1A5F672868544F00B64409 /* SearchResponse.swift in Sources */,
				8F1A5F7428702CB200B64409 /* MyInfoDataManager.swift in Sources */,
				CDE2488E28475C2F00FE35E3 /* SelectTypeViewController.swift in Sources */,
				CDE47F5228426BAD005D8BB3 /* IndicatorView.swift in Sources */,
			);
			runOnlyForDeploymentPostprocessing = 0;
		};
/* End PBXSourcesBuildPhase section */

/* Begin PBXVariantGroup section */
		CDE47F4328424B45005D8BB3 /* LaunchScreen.storyboard */ = {
			isa = PBXVariantGroup;
			children = (
				CDE47F4428424B45005D8BB3 /* Base */,
			);
			name = LaunchScreen.storyboard;
			sourceTree = "<group>";
		};
/* End PBXVariantGroup section */

/* Begin XCBuildConfiguration section */
		CDE47F4728424B45005D8BB3 /* Debug */ = {
			isa = XCBuildConfiguration;
			buildSettings = {
				ALWAYS_SEARCH_USER_PATHS = NO;
				CLANG_ANALYZER_NONNULL = YES;
				CLANG_ANALYZER_NUMBER_OBJECT_CONVERSION = YES_AGGRESSIVE;
				CLANG_CXX_LANGUAGE_STANDARD = "gnu++17";
				CLANG_ENABLE_MODULES = YES;
				CLANG_ENABLE_OBJC_ARC = YES;
				CLANG_ENABLE_OBJC_WEAK = YES;
				CLANG_WARN_BLOCK_CAPTURE_AUTORELEASING = YES;
				CLANG_WARN_BOOL_CONVERSION = YES;
				CLANG_WARN_COMMA = YES;
				CLANG_WARN_CONSTANT_CONVERSION = YES;
				CLANG_WARN_DEPRECATED_OBJC_IMPLEMENTATIONS = YES;
				CLANG_WARN_DIRECT_OBJC_ISA_USAGE = YES_ERROR;
				CLANG_WARN_DOCUMENTATION_COMMENTS = YES;
				CLANG_WARN_EMPTY_BODY = YES;
				CLANG_WARN_ENUM_CONVERSION = YES;
				CLANG_WARN_INFINITE_RECURSION = YES;
				CLANG_WARN_INT_CONVERSION = YES;
				CLANG_WARN_NON_LITERAL_NULL_CONVERSION = YES;
				CLANG_WARN_OBJC_IMPLICIT_RETAIN_SELF = YES;
				CLANG_WARN_OBJC_LITERAL_CONVERSION = YES;
				CLANG_WARN_OBJC_ROOT_CLASS = YES_ERROR;
				CLANG_WARN_QUOTED_INCLUDE_IN_FRAMEWORK_HEADER = YES;
				CLANG_WARN_RANGE_LOOP_ANALYSIS = YES;
				CLANG_WARN_STRICT_PROTOTYPES = YES;
				CLANG_WARN_SUSPICIOUS_MOVE = YES;
				CLANG_WARN_UNGUARDED_AVAILABILITY = YES_AGGRESSIVE;
				CLANG_WARN_UNREACHABLE_CODE = YES;
				CLANG_WARN__DUPLICATE_METHOD_MATCH = YES;
				COPY_PHASE_STRIP = NO;
				DEBUG_INFORMATION_FORMAT = dwarf;
				ENABLE_STRICT_OBJC_MSGSEND = YES;
				ENABLE_TESTABILITY = YES;
				GCC_C_LANGUAGE_STANDARD = gnu11;
				GCC_DYNAMIC_NO_PIC = NO;
				GCC_NO_COMMON_BLOCKS = YES;
				GCC_OPTIMIZATION_LEVEL = 0;
				GCC_PREPROCESSOR_DEFINITIONS = (
					"DEBUG=1",
					"$(inherited)",
				);
				GCC_WARN_64_TO_32_BIT_CONVERSION = YES;
				GCC_WARN_ABOUT_RETURN_TYPE = YES_ERROR;
				GCC_WARN_UNDECLARED_SELECTOR = YES;
				GCC_WARN_UNINITIALIZED_AUTOS = YES_AGGRESSIVE;
				GCC_WARN_UNUSED_FUNCTION = YES;
				GCC_WARN_UNUSED_VARIABLE = YES;
				IPHONEOS_DEPLOYMENT_TARGET = 14.0;
				MTL_ENABLE_DEBUG_INFO = INCLUDE_SOURCE;
				MTL_FAST_MATH = YES;
				ONLY_ACTIVE_ARCH = YES;
				SDKROOT = iphoneos;
				SWIFT_ACTIVE_COMPILATION_CONDITIONS = DEBUG;
				SWIFT_OPTIMIZATION_LEVEL = "-Onone";
			};
			name = Debug;
		};
		CDE47F4828424B45005D8BB3 /* Release */ = {
			isa = XCBuildConfiguration;
			buildSettings = {
				ALWAYS_SEARCH_USER_PATHS = NO;
				CLANG_ANALYZER_NONNULL = YES;
				CLANG_ANALYZER_NUMBER_OBJECT_CONVERSION = YES_AGGRESSIVE;
				CLANG_CXX_LANGUAGE_STANDARD = "gnu++17";
				CLANG_ENABLE_MODULES = YES;
				CLANG_ENABLE_OBJC_ARC = YES;
				CLANG_ENABLE_OBJC_WEAK = YES;
				CLANG_WARN_BLOCK_CAPTURE_AUTORELEASING = YES;
				CLANG_WARN_BOOL_CONVERSION = YES;
				CLANG_WARN_COMMA = YES;
				CLANG_WARN_CONSTANT_CONVERSION = YES;
				CLANG_WARN_DEPRECATED_OBJC_IMPLEMENTATIONS = YES;
				CLANG_WARN_DIRECT_OBJC_ISA_USAGE = YES_ERROR;
				CLANG_WARN_DOCUMENTATION_COMMENTS = YES;
				CLANG_WARN_EMPTY_BODY = YES;
				CLANG_WARN_ENUM_CONVERSION = YES;
				CLANG_WARN_INFINITE_RECURSION = YES;
				CLANG_WARN_INT_CONVERSION = YES;
				CLANG_WARN_NON_LITERAL_NULL_CONVERSION = YES;
				CLANG_WARN_OBJC_IMPLICIT_RETAIN_SELF = YES;
				CLANG_WARN_OBJC_LITERAL_CONVERSION = YES;
				CLANG_WARN_OBJC_ROOT_CLASS = YES_ERROR;
				CLANG_WARN_QUOTED_INCLUDE_IN_FRAMEWORK_HEADER = YES;
				CLANG_WARN_RANGE_LOOP_ANALYSIS = YES;
				CLANG_WARN_STRICT_PROTOTYPES = YES;
				CLANG_WARN_SUSPICIOUS_MOVE = YES;
				CLANG_WARN_UNGUARDED_AVAILABILITY = YES_AGGRESSIVE;
				CLANG_WARN_UNREACHABLE_CODE = YES;
				CLANG_WARN__DUPLICATE_METHOD_MATCH = YES;
				COPY_PHASE_STRIP = NO;
				DEBUG_INFORMATION_FORMAT = "dwarf-with-dsym";
				ENABLE_NS_ASSERTIONS = NO;
				ENABLE_STRICT_OBJC_MSGSEND = YES;
				GCC_C_LANGUAGE_STANDARD = gnu11;
				GCC_NO_COMMON_BLOCKS = YES;
				GCC_WARN_64_TO_32_BIT_CONVERSION = YES;
				GCC_WARN_ABOUT_RETURN_TYPE = YES_ERROR;
				GCC_WARN_UNDECLARED_SELECTOR = YES;
				GCC_WARN_UNINITIALIZED_AUTOS = YES_AGGRESSIVE;
				GCC_WARN_UNUSED_FUNCTION = YES;
				GCC_WARN_UNUSED_VARIABLE = YES;
				IPHONEOS_DEPLOYMENT_TARGET = 14.0;
				MTL_ENABLE_DEBUG_INFO = NO;
				MTL_FAST_MATH = YES;
				SDKROOT = iphoneos;
				SWIFT_COMPILATION_MODE = wholemodule;
				SWIFT_OPTIMIZATION_LEVEL = "-O";
				VALIDATE_PRODUCT = YES;
			};
			name = Release;
		};
		CDE47F4A28424B45005D8BB3 /* Debug */ = {
			isa = XCBuildConfiguration;
			baseConfigurationReference = AF81E3FBAC7CA22BB643B288 /* Pods-aeVeganDiary.debug.xcconfig */;
			buildSettings = {
				ASSETCATALOG_COMPILER_APPICON_NAME = AppIcon;
				ASSETCATALOG_COMPILER_GLOBAL_ACCENT_COLOR_NAME = AccentColor;
				CODE_SIGN_STYLE = Automatic;
				CURRENT_PROJECT_VERSION = 1;
				DEVELOPMENT_TEAM = 7B7X32G7J9;
				GENERATE_INFOPLIST_FILE = YES;
				INFOPLIST_FILE = aeVeganDiary/Info.plist;
				INFOPLIST_KEY_NSCalendarsUsageDescription = "캘린더 권한 허용해주세요";
				INFOPLIST_KEY_NSCameraUsageDescription = "카메라 권한 허용해주세요";
				INFOPLIST_KEY_NSLocationAlwaysAndWhenInUseUsageDescription = "위치 권한 허용해주세요";
				INFOPLIST_KEY_NSLocationAlwaysUsageDescription = "위치 권한 허용해주세요";
				INFOPLIST_KEY_NSLocationWhenInUseUsageDescription = "위치 권한 허용해주세요";
				INFOPLIST_KEY_UIApplicationSupportsIndirectInputEvents = YES;
				INFOPLIST_KEY_UILaunchStoryboardName = LaunchScreen;
				INFOPLIST_KEY_UISupportedInterfaceOrientations_iPad = "UIInterfaceOrientationPortrait UIInterfaceOrientationPortraitUpsideDown UIInterfaceOrientationLandscapeLeft UIInterfaceOrientationLandscapeRight";
				INFOPLIST_KEY_UISupportedInterfaceOrientations_iPhone = "UIInterfaceOrientationPortrait UIInterfaceOrientationLandscapeLeft UIInterfaceOrientationLandscapeRight";
				IPHONEOS_DEPLOYMENT_TARGET = 15.0;
				LD_RUNPATH_SEARCH_PATHS = (
					"$(inherited)",
					"@executable_path/Frameworks",
				);
				MARKETING_VERSION = 1.0;
				PRODUCT_BUNDLE_IDENTIFIER = ae.chaebbi;
				PRODUCT_NAME = "$(TARGET_NAME)";
				SWIFT_EMIT_LOC_STRINGS = YES;
				SWIFT_VERSION = 5.0;
				TARGETED_DEVICE_FAMILY = "1,2";
			};
			name = Debug;
		};
		CDE47F4B28424B45005D8BB3 /* Release */ = {
			isa = XCBuildConfiguration;
			baseConfigurationReference = C631CBED21040A7912D91EEA /* Pods-aeVeganDiary.release.xcconfig */;
			buildSettings = {
				ASSETCATALOG_COMPILER_APPICON_NAME = AppIcon;
				ASSETCATALOG_COMPILER_GLOBAL_ACCENT_COLOR_NAME = AccentColor;
				CODE_SIGN_STYLE = Automatic;
				CURRENT_PROJECT_VERSION = 1;
				DEVELOPMENT_TEAM = 7B7X32G7J9;
				GENERATE_INFOPLIST_FILE = YES;
				INFOPLIST_FILE = aeVeganDiary/Info.plist;
				INFOPLIST_KEY_NSCalendarsUsageDescription = "캘린더 권한 허용해주세요";
				INFOPLIST_KEY_NSCameraUsageDescription = "카메라 권한 허용해주세요";
				INFOPLIST_KEY_NSLocationAlwaysAndWhenInUseUsageDescription = "위치 권한 허용해주세요";
				INFOPLIST_KEY_NSLocationAlwaysUsageDescription = "위치 권한 허용해주세요";
				INFOPLIST_KEY_NSLocationWhenInUseUsageDescription = "위치 권한 허용해주세요";
				INFOPLIST_KEY_UIApplicationSupportsIndirectInputEvents = YES;
				INFOPLIST_KEY_UILaunchStoryboardName = LaunchScreen;
				INFOPLIST_KEY_UISupportedInterfaceOrientations_iPad = "UIInterfaceOrientationPortrait UIInterfaceOrientationPortraitUpsideDown UIInterfaceOrientationLandscapeLeft UIInterfaceOrientationLandscapeRight";
				INFOPLIST_KEY_UISupportedInterfaceOrientations_iPhone = "UIInterfaceOrientationPortrait UIInterfaceOrientationLandscapeLeft UIInterfaceOrientationLandscapeRight";
				IPHONEOS_DEPLOYMENT_TARGET = 15.0;
				LD_RUNPATH_SEARCH_PATHS = (
					"$(inherited)",
					"@executable_path/Frameworks",
				);
				MARKETING_VERSION = 1.0;
				PRODUCT_BUNDLE_IDENTIFIER = ae.chaebbi;
				PRODUCT_NAME = "$(TARGET_NAME)";
				SWIFT_EMIT_LOC_STRINGS = YES;
				SWIFT_VERSION = 5.0;
				TARGETED_DEVICE_FAMILY = "1,2";
			};
			name = Release;
		};
/* End XCBuildConfiguration section */

/* Begin XCConfigurationList section */
		CDE47F2D28424B44005D8BB3 /* Build configuration list for PBXProject "aeVeganDiary" */ = {
			isa = XCConfigurationList;
			buildConfigurations = (
				CDE47F4728424B45005D8BB3 /* Debug */,
				CDE47F4828424B45005D8BB3 /* Release */,
			);
			defaultConfigurationIsVisible = 0;
			defaultConfigurationName = Release;
		};
		CDE47F4928424B45005D8BB3 /* Build configuration list for PBXNativeTarget "aeVeganDiary" */ = {
			isa = XCConfigurationList;
			buildConfigurations = (
				CDE47F4A28424B45005D8BB3 /* Debug */,
				CDE47F4B28424B45005D8BB3 /* Release */,
			);
			defaultConfigurationIsVisible = 0;
			defaultConfigurationName = Release;
		};
/* End XCConfigurationList section */

/* Begin XCVersionGroup section */
		CDE47F3E28424B44005D8BB3 /* aeVeganDiary.xcdatamodeld */ = {
			isa = XCVersionGroup;
			children = (
				CDE47F3F28424B44005D8BB3 /* aeVeganDiary.xcdatamodel */,
			);
			currentVersion = CDE47F3F28424B44005D8BB3 /* aeVeganDiary.xcdatamodel */;
			path = aeVeganDiary.xcdatamodeld;
			sourceTree = "<group>";
			versionGroupType = wrapper.xcdatamodel;
		};
/* End XCVersionGroup section */
	};
	rootObject = CDE47F2A28424B44005D8BB3 /* Project object */;
}
