PODS:
  - FSCalendar (2.8.4)
  - SnapKit (5.0.1)

DEPENDENCIES:
  - FSCalendar
  - SnapKit (~> 5.0.0)

SPEC REPOS:
  trunk:
    - FSCalendar
    - SnapKit

SPEC CHECKSUMS:
  FSCalendar: 2d1d0d9398f12d439f55c1fe0f01525b151b8260
  SnapKit: 97b92857e3df3a0c71833cce143274bf6ef8e5eb

PODFILE CHECKSUM: fea56fe8849811133cba91c27f3c414b1b7b1684

COCOAPODS: 1.11.3
